// !$*UTF8*$!
{
	archiveVersion = 1;
	classes = {
	};
	objectVersion = 46;
	objects = {

/* Begin PBXAggregateTarget section */
		7218774EFC2BF00D133DF2F3 /* Neural Cab - All */ = {
			isa = PBXAggregateTarget;
			buildConfigurationList = 6BA8EA69260CBADF52E2858D;
			buildPhases = (
				59DB780C3E1CBB6D86383F4D,
			);
			dependencies = (
				28BFE40324337D02C7D118C8,
				056B804A79A128C556394AC5,
				B5A1012C24E9EE16A0ACEF39,
				D05F9272A83AC642DA5B9981,
			);
			name = "Neural Cab - All";
			productName = "Neural Cab";
		};
/* End PBXAggregateTarget section */

/* Begin PBXBuildFile section */
		010B155EADD6B9D3CE8B1420 /* include_juce_audio_formats.mm */ = {isa = PBXBuildFile; fileRef = 140C69EB80FA80A21D61DECA; };
		04ED69531102D3DFBE33B267 /* AU */ = {isa = PBXBuildFile; fileRef = F14F0143B0304CC1471EA76B; };
		05494FD9EC68E61456DB9C27 /* include_juce_audio_plugin_client_AU.r */ = {isa = PBXBuildFile; fileRef = ACE84C314388109DD5E854BF; };
		05C83E1491ED91E655774D5D /* Foundation.framework */ = {isa = PBXBuildFile; fileRef = 5E5B4D6F8C81DD8BEC799561; };
		0DEF707C41884651395CA7FB /* CoreAudio.framework */ = {isa = PBXBuildFile; fileRef = 883FB568CA249A950A3588DD; };
		164E034687F91245F5C4E023 /* RecentFilesMenuTemplate.nib */ = {isa = PBXBuildFile; fileRef = E957D39BF71DAC7D67151976; };
		1A5C5C3DE2B1E56A7BAB3C0C /* include_juce_events.mm */ = {isa = PBXBuildFile; fileRef = 873C7D63266F2FAF3CDF722D; };
		1D0DA960599FA4CF9B055CE4 /* include_juce_audio_plugin_client_Standalone.cpp */ = {isa = PBXBuildFile; fileRef = 17826A7119B39B21DAB7CEF4; };
		1E9B7CE437CA54F7B15A6411 /* WebKit.framework */ = {isa = PBXBuildFile; fileRef = A9B2A9AB522B49788C38451E; };
		1EE2D63B60922FE9FB80C230 /* Shared Code */ = {isa = PBXBuildFile; fileRef = 804025B1D636F648783F35AB; };
		233164B77E51A810FAE9157D /* SpectrumComponent.cpp */ = {isa = PBXBuildFile; fileRef = C892663B908A1473DD8DA131; };
		2DA4B18D50A2F7A9E2025237 /* include_juce_audio_plugin_client_VST_utils.mm */ = {isa = PBXBuildFile; fileRef = 376200222967EA56093B5232; };
		2F8A3784595FF1536C215274 /* VAECabinetNew.onnx */ = {isa = PBXBuildFile; fileRef = 51C209AF9C8526801AA4FB2B; };
		317CEBA98D702C661028ED3F /* AudioToolbox.framework */ = {isa = PBXBuildFile; fileRef = 989C5EF2D6F0338DAE64993E; };
		32E62706B9D9F2B289B57184 /* include_juce_audio_plugin_client_AU_2.mm */ = {isa = PBXBuildFile; fileRef = BDEF3C8BF40047339C05344C; };
		35FE23C0321005B38B5F0FEC /* VST3 */ = {isa = PBXBuildFile; fileRef = 55F80C404B95C3C9D39366AD; };
		3740FD9EBF9C0D369FCC3383 /* include_juce_audio_plugin_client_AU_1.mm */ = {isa = PBXBuildFile; fileRef = 363C3F0D768C94B1D1171CF9; };
		43A5DBDE72EF35C50147A56D /* QuartzCore.framework */ = {isa = PBXBuildFile; fileRef = 8C5AC83AC1FCC26C85093206; };
		588E19EAD7A2BB8A0A66372B /* include_juce_graphics.mm */ = {isa = PBXBuildFile; fileRef = 60ED176156445D23D108CD4A; };
		60FADC767E76F5B11E5E2ACB /* include_juce_gui_basics.mm */ = {isa = PBXBuildFile; fileRef = 4FB8664AAE1AD98999E0969D; };
		62C29D42C9E37AA1EAA2C34A /* Accelerate.framework */ = {isa = PBXBuildFile; fileRef = 6C81866F20D11120E9345FF4; };
		6B9A09C25B69C2871618A3BF /* Carbon.framework */ = {isa = PBXBuildFile; fileRef = 777F9BAAA98782E11579AAE0; };
		73D22740A751CF214B2D7D7B /* include_juce_dsp.mm */ = {isa = PBXBuildFile; fileRef = 1197C255E97128931C078BA3; };
		7ECD2320D8647180CF04985B /* include_juce_core.mm */ = {isa = PBXBuildFile; fileRef = 1B22645FCF085710208E80CB; };
		803D978DBE7C0E25763AE39F /* include_juce_audio_devices.mm */ = {isa = PBXBuildFile; fileRef = F99EE02C39568D453E7A2774; };
		8AC594DB58387724C03A3914 /* include_juce_audio_processors.mm */ = {isa = PBXBuildFile; fileRef = 6E50FBA43A9E11435B0400DE; };
		8B2ADC9B27DE964218F019AB /* CoreMIDI.framework */ = {isa = PBXBuildFile; fileRef = 89F69B290DD3C470016EDD4B; };
		8BD2E6630776634397336B33 /* DiscRecording.framework */ = {isa = PBXBuildFile; fileRef = E30B0E2F897FB3F1CB1A2E4B; };
		8CCD8C58253A0C21E53036D9 /* PluginEditor.cpp */ = {isa = PBXBuildFile; fileRef = 43D37045C4649DE620AC2372; };
		90252EB0C8168773EBB48520 /* NeuralCabinet.cpp */ = {isa = PBXBuildFile; fileRef = 4127C1B3301B62A0203C2BE4; };
		930FCA60E42A264FC4B52315 /* Standalone Plugin */ = {isa = PBXBuildFile; fileRef = E6D1CCC515AF2B14FA956CFD; };
		A1734682DFD0448E660036B5 /* PluginProcessor.cpp */ = {isa = PBXBuildFile; fileRef = E1B1925E0DAB9DC1F3260C51; };
		A5355EC028A89DF27713BF2E /* include_juce_audio_plugin_client_utils.cpp */ = {isa = PBXBuildFile; fileRef = C1E1769DF371CC307EA90DAB; };
		A77B7E051553A310DD4465BF /* CoreAudioKit.framework */ = {isa = PBXBuildFile; fileRef = B647464DDEC5E358BEC7F0A5; };
		B56F283C0B019AD800DFE80B /* Cocoa.framework */ = {isa = PBXBuildFile; fileRef = 189DA41F6D14E2409EC2527D; };
		BCC8D47EFA37CB8EED307114 /* include_juce_audio_basics.mm */ = {isa = PBXBuildFile; fileRef = 88BA608C2DC25A3E33219EBA; };
		CE133370D47EE862C52BB9E1 /* IOKit.framework */ = {isa = PBXBuildFile; fileRef = 558DD6C735D39E948DC51086; };
		D069A71A0790A83B5622F1FB /* include_juce_audio_plugin_client_VST3.cpp */ = {isa = PBXBuildFile; fileRef = E00FC93C636D319B10F94FE1; };
		E12CC2D2103A0B6DE1388833 /* AudioUnit.framework */ = {isa = PBXBuildFile; fileRef = 1E86E4F7B64FDB5D1234AB36; };
		E41B43CE6737040EF208DB01 /* include_juce_audio_utils.mm */ = {isa = PBXBuildFile; fileRef = 6FBD4294859AA353BD8C3ADC; };
		EB38AC15C76873A682B7D67F /* include_juce_data_structures.mm */ = {isa = PBXBuildFile; fileRef = 219BC0D62061D7639031BD7C; };
		F48D622FE9ADBB2E5CF01144 /* include_juce_gui_extra.mm */ = {isa = PBXBuildFile; fileRef = FB8A5DFE0E76CE1DD93AADC0; };
/* End PBXBuildFile section */

/* Begin PBXFileReference section */
		0D06724718870F851543E8C2 /* juce_gui_basics */ /* juce_gui_basics */ = {isa = PBXFileReference; lastKnownFileType = folder; name = juce_gui_basics; path = /Applications/JUCE/modules/juce_gui_basics; sourceTree = "<absolute>"; };
		1197C255E97128931C078BA3 /* include_juce_dsp.mm */ /* include_juce_dsp.mm */ = {isa = PBXFileReference; lastKnownFileType = sourcecode.cpp.objcpp; name = include_juce_dsp.mm; path = ../../JuceLibraryCode/include_juce_dsp.mm; sourceTree = SOURCE_ROOT; };
		140C69EB80FA80A21D61DECA /* include_juce_audio_formats.mm */ /* include_juce_audio_formats.mm */ = {isa = PBXFileReference; lastKnownFileType = sourcecode.cpp.objcpp; name = include_juce_audio_formats.mm; path = ../../JuceLibraryCode/include_juce_audio_formats.mm; sourceTree = SOURCE_ROOT; };
		17826A7119B39B21DAB7CEF4 /* include_juce_audio_plugin_client_Standalone.cpp */ /* include_juce_audio_plugin_client_Standalone.cpp */ = {isa = PBXFileReference; lastKnownFileType = sourcecode.cpp.cpp; name = include_juce_audio_plugin_client_Standalone.cpp; path = ../../JuceLibraryCode/include_juce_audio_plugin_client_Standalone.cpp; sourceTree = SOURCE_ROOT; };
		189DA41F6D14E2409EC2527D /* Cocoa.framework */ /* Cocoa.framework */ = {isa = PBXFileReference; lastKnownFileType = wrapper.framework; name = Cocoa.framework; path = System/Library/Frameworks/Cocoa.framework; sourceTree = SDKROOT; };
		1B22645FCF085710208E80CB /* include_juce_core.mm */ /* include_juce_core.mm */ = {isa = PBXFileReference; lastKnownFileType = sourcecode.cpp.objcpp; name = include_juce_core.mm; path = ../../JuceLibraryCode/include_juce_core.mm; sourceTree = SOURCE_ROOT; };
		1C95F5DCBF85E60B6F1E3BC4 /* juce_core */ /* juce_core */ = {isa = PBXFileReference; lastKnownFileType = folder; name = juce_core; path = /Applications/JUCE/modules/juce_core; sourceTree = "<absolute>"; };
		1E86E4F7B64FDB5D1234AB36 /* AudioUnit.framework */ /* AudioUnit.framework */ = {isa = PBXFileReference; lastKnownFileType = wrapper.framework; name = AudioUnit.framework; path = System/Library/Frameworks/AudioUnit.framework; sourceTree = SDKROOT; };
		219BC0D62061D7639031BD7C /* include_juce_data_structures.mm */ /* include_juce_data_structures.mm */ = {isa = PBXFileReference; lastKnownFileType = sourcecode.cpp.objcpp; name = include_juce_data_structures.mm; path = ../../JuceLibraryCode/include_juce_data_structures.mm; sourceTree = SOURCE_ROOT; };
		25865D1D2C7855844240C0F7 /* juce_audio_plugin_client */ /* juce_audio_plugin_client */ = {isa = PBXFileReference; lastKnownFileType = folder; name = juce_audio_plugin_client; path = /Applications/JUCE/modules/juce_audio_plugin_client; sourceTree = "<absolute>"; };
		2B0470C4F2BD3FF7BC662938 /* SpectrumComponent.h */ /* SpectrumComponent.h */ = {isa = PBXFileReference; lastKnownFileType = sourcecode.c.h; name = SpectrumComponent.h; path = ../../Source/SpectrumComponent.h; sourceTree = SOURCE_ROOT; };
		2C513E2F3549ED9683F9D9E0 /* juce_events */ /* juce_events */ = {isa = PBXFileReference; lastKnownFileType = folder; name = juce_events; path = /Applications/JUCE/modules/juce_events; sourceTree = "<absolute>"; };
		2FECEF0FECEA4C67FD867F17 /* juce_audio_devices */ /* juce_audio_devices */ = {isa = PBXFileReference; lastKnownFileType = folder; name = juce_audio_devices; path = /Applications/JUCE/modules/juce_audio_devices; sourceTree = "<absolute>"; };
		363C3F0D768C94B1D1171CF9 /* include_juce_audio_plugin_client_AU_1.mm */ /* include_juce_audio_plugin_client_AU_1.mm */ = {isa = PBXFileReference; lastKnownFileType = sourcecode.cpp.objcpp; name = include_juce_audio_plugin_client_AU_1.mm; path = ../../JuceLibraryCode/include_juce_audio_plugin_client_AU_1.mm; sourceTree = SOURCE_ROOT; };
		376200222967EA56093B5232 /* include_juce_audio_plugin_client_VST_utils.mm */ /* include_juce_audio_plugin_client_VST_utils.mm */ = {isa = PBXFileReference; lastKnownFileType = sourcecode.cpp.objcpp; name = include_juce_audio_plugin_client_VST_utils.mm; path = ../../JuceLibraryCode/include_juce_audio_plugin_client_VST_utils.mm; sourceTree = SOURCE_ROOT; };
		4127C1B3301B62A0203C2BE4 /* NeuralCabinet.cpp */ /* NeuralCabinet.cpp */ = {isa = PBXFileReference; lastKnownFileType = sourcecode.cpp.cpp; name = NeuralCabinet.cpp; path = ../../Source/NeuralCabinet.cpp; sourceTree = SOURCE_ROOT; };
		43D37045C4649DE620AC2372 /* PluginEditor.cpp */ /* PluginEditor.cpp */ = {isa = PBXFileReference; lastKnownFileType = sourcecode.cpp.cpp; name = PluginEditor.cpp; path = ../../Source/PluginEditor.cpp; sourceTree = SOURCE_ROOT; };
		4C666CF869BA12E72158B5B2 /* juce_audio_basics */ /* juce_audio_basics */ = {isa = PBXFileReference; lastKnownFileType = folder; name = juce_audio_basics; path = /Applications/JUCE/modules/juce_audio_basics; sourceTree = "<absolute>"; };
		4E17857C6C937B595580BD08 /* PluginProcessor.h */ /* PluginProcessor.h */ = {isa = PBXFileReference; lastKnownFileType = sourcecode.c.h; name = PluginProcessor.h; path = ../../Source/PluginProcessor.h; sourceTree = SOURCE_ROOT; };
		4FB8664AAE1AD98999E0969D /* include_juce_gui_basics.mm */ /* include_juce_gui_basics.mm */ = {isa = PBXFileReference; lastKnownFileType = sourcecode.cpp.objcpp; name = include_juce_gui_basics.mm; path = ../../JuceLibraryCode/include_juce_gui_basics.mm; sourceTree = SOURCE_ROOT; };
		51C209AF9C8526801AA4FB2B /* VAECabinetNew.onnx */ /* VAECabinetNew.onnx */ = {isa = PBXFileReference; lastKnownFileType = file.onnx; name = VAECabinetNew.onnx; path = "../../../../../Python implementations/Neural Cabinets/VAECabinetNew.onnx"; sourceTree = SOURCE_ROOT; };
		558DD6C735D39E948DC51086 /* IOKit.framework */ /* IOKit.framework */ = {isa = PBXFileReference; lastKnownFileType = wrapper.framework; name = IOKit.framework; path = System/Library/Frameworks/IOKit.framework; sourceTree = SDKROOT; };
		55D1D90FF8C3ABA528155692 /* juce_gui_extra */ /* juce_gui_extra */ = {isa = PBXFileReference; lastKnownFileType = folder; name = juce_gui_extra; path = /Applications/JUCE/modules/juce_gui_extra; sourceTree = "<absolute>"; };
		55F80C404B95C3C9D39366AD /* VST3 */ = {isa = PBXFileReference; explicitFileType = wrapper.cfbundle; includeInIndex = 0; path = "Neural Cab.vst3"; sourceTree = BUILT_PRODUCTS_DIR; };
		59B42B46A5483DF134FA12BB /* JucePluginDefines.h */ /* JucePluginDefines.h */ = {isa = PBXFileReference; lastKnownFileType = sourcecode.c.h; name = JucePluginDefines.h; path = ../../JuceLibraryCode/JucePluginDefines.h; sourceTree = SOURCE_ROOT; };
		59D80142B2A668EA1A575991 /* juce_audio_utils */ /* juce_audio_utils */ = {isa = PBXFileReference; lastKnownFileType = folder; name = juce_audio_utils; path = /Applications/JUCE/modules/juce_audio_utils; sourceTree = "<absolute>"; };
		5E5B4D6F8C81DD8BEC799561 /* Foundation.framework */ /* Foundation.framework */ = {isa = PBXFileReference; lastKnownFileType = wrapper.framework; name = Foundation.framework; path = System/Library/Frameworks/Foundation.framework; sourceTree = SDKROOT; };
		60ED176156445D23D108CD4A /* include_juce_graphics.mm */ /* include_juce_graphics.mm */ = {isa = PBXFileReference; lastKnownFileType = sourcecode.cpp.objcpp; name = include_juce_graphics.mm; path = ../../JuceLibraryCode/include_juce_graphics.mm; sourceTree = SOURCE_ROOT; };
		6389DB82F17679F712FA101A /* PluginEditor.h */ /* PluginEditor.h */ = {isa = PBXFileReference; lastKnownFileType = sourcecode.c.h; name = PluginEditor.h; path = ../../Source/PluginEditor.h; sourceTree = SOURCE_ROOT; };
		6C81866F20D11120E9345FF4 /* Accelerate.framework */ /* Accelerate.framework */ = {isa = PBXFileReference; lastKnownFileType = wrapper.framework; name = Accelerate.framework; path = System/Library/Frameworks/Accelerate.framework; sourceTree = SDKROOT; };
		6E50FBA43A9E11435B0400DE /* include_juce_audio_processors.mm */ /* include_juce_audio_processors.mm */ = {isa = PBXFileReference; lastKnownFileType = sourcecode.cpp.objcpp; name = include_juce_audio_processors.mm; path = ../../JuceLibraryCode/include_juce_audio_processors.mm; sourceTree = SOURCE_ROOT; };
		6FBD4294859AA353BD8C3ADC /* include_juce_audio_utils.mm */ /* include_juce_audio_utils.mm */ = {isa = PBXFileReference; lastKnownFileType = sourcecode.cpp.objcpp; name = include_juce_audio_utils.mm; path = ../../JuceLibraryCode/include_juce_audio_utils.mm; sourceTree = SOURCE_ROOT; };
		777F9BAAA98782E11579AAE0 /* Carbon.framework */ /* Carbon.framework */ = {isa = PBXFileReference; lastKnownFileType = wrapper.framework; name = Carbon.framework; path = System/Library/Frameworks/Carbon.framework; sourceTree = SDKROOT; };
		804025B1D636F648783F35AB /* Shared Code */ = {isa = PBXFileReference; explicitFileType = archive.ar; includeInIndex = 0; path = "libNeural Cab.a"; sourceTree = BUILT_PRODUCTS_DIR; };
		840BDED7B85EF0F332840778 /* juce_audio_formats */ /* juce_audio_formats */ = {isa = PBXFileReference; lastKnownFileType = folder; name = juce_audio_formats; path = /Applications/JUCE/modules/juce_audio_formats; sourceTree = "<absolute>"; };
		873C7D63266F2FAF3CDF722D /* include_juce_events.mm */ /* include_juce_events.mm */ = {isa = PBXFileReference; lastKnownFileType = sourcecode.cpp.objcpp; name = include_juce_events.mm; path = ../../JuceLibraryCode/include_juce_events.mm; sourceTree = SOURCE_ROOT; };
		883FB568CA249A950A3588DD /* CoreAudio.framework */ /* CoreAudio.framework */ = {isa = PBXFileReference; lastKnownFileType = wrapper.framework; name = CoreAudio.framework; path = System/Library/Frameworks/CoreAudio.framework; sourceTree = SDKROOT; };
		88BA608C2DC25A3E33219EBA /* include_juce_audio_basics.mm */ /* include_juce_audio_basics.mm */ = {isa = PBXFileReference; lastKnownFileType = sourcecode.cpp.objcpp; name = include_juce_audio_basics.mm; path = ../../JuceLibraryCode/include_juce_audio_basics.mm; sourceTree = SOURCE_ROOT; };
		89F69B290DD3C470016EDD4B /* CoreMIDI.framework */ /* CoreMIDI.framework */ = {isa = PBXFileReference; lastKnownFileType = wrapper.framework; name = CoreMIDI.framework; path = System/Library/Frameworks/CoreMIDI.framework; sourceTree = SDKROOT; };
		8C5AC83AC1FCC26C85093206 /* QuartzCore.framework */ /* QuartzCore.framework */ = {isa = PBXFileReference; lastKnownFileType = wrapper.framework; name = QuartzCore.framework; path = System/Library/Frameworks/QuartzCore.framework; sourceTree = SDKROOT; };
		989C5EF2D6F0338DAE64993E /* AudioToolbox.framework */ /* AudioToolbox.framework */ = {isa = PBXFileReference; lastKnownFileType = wrapper.framework; name = AudioToolbox.framework; path = System/Library/Frameworks/AudioToolbox.framework; sourceTree = SDKROOT; };
		A63B77608A5DCF012473BA80 /* juce_graphics */ /* juce_graphics */ = {isa = PBXFileReference; lastKnownFileType = folder; name = juce_graphics; path = /Applications/JUCE/modules/juce_graphics; sourceTree = "<absolute>"; };
		A9B2A9AB522B49788C38451E /* WebKit.framework */ /* WebKit.framework */ = {isa = PBXFileReference; lastKnownFileType = wrapper.framework; name = WebKit.framework; path = System/Library/Frameworks/WebKit.framework; sourceTree = SDKROOT; };
		AAE355E09DFB1ED0B1F5F8FD /* NeuralCabinet.h */ /* NeuralCabinet.h */ = {isa = PBXFileReference; lastKnownFileType = sourcecode.c.h; name = NeuralCabinet.h; path = ../../Source/NeuralCabinet.h; sourceTree = SOURCE_ROOT; };
		ACE84C314388109DD5E854BF /* include_juce_audio_plugin_client_AU.r */ /* include_juce_audio_plugin_client_AU.r */ = {isa = PBXFileReference; lastKnownFileType = file.r; name = include_juce_audio_plugin_client_AU.r; path = ../../JuceLibraryCode/include_juce_audio_plugin_client_AU.r; sourceTree = SOURCE_ROOT; };
		AF9238A1CF4990526A7560E9 /* juce_data_structures */ /* juce_data_structures */ = {isa = PBXFileReference; lastKnownFileType = folder; name = juce_data_structures; path = /Applications/JUCE/modules/juce_data_structures; sourceTree = "<absolute>"; };
		B647464DDEC5E358BEC7F0A5 /* CoreAudioKit.framework */ /* CoreAudioKit.framework */ = {isa = PBXFileReference; lastKnownFileType = wrapper.framework; name = CoreAudioKit.framework; path = System/Library/Frameworks/CoreAudioKit.framework; sourceTree = SDKROOT; };
		B693F2266F5A408A54EB239B /* juce_dsp */ /* juce_dsp */ = {isa = PBXFileReference; lastKnownFileType = folder; name = juce_dsp; path = /Applications/JUCE/modules/juce_dsp; sourceTree = "<absolute>"; };
		BDEF3C8BF40047339C05344C /* include_juce_audio_plugin_client_AU_2.mm */ /* include_juce_audio_plugin_client_AU_2.mm */ = {isa = PBXFileReference; lastKnownFileType = sourcecode.cpp.objcpp; name = include_juce_audio_plugin_client_AU_2.mm; path = ../../JuceLibraryCode/include_juce_audio_plugin_client_AU_2.mm; sourceTree = SOURCE_ROOT; };
		BEEDC4588FEC1354C5848E9E /* Info-AU.plist */ /* Info-AU.plist */ = {isa = PBXFileReference; lastKnownFileType = text.plist.xml; name = "Info-AU.plist"; path = "Info-AU.plist"; sourceTree = SOURCE_ROOT; };
		C1E1769DF371CC307EA90DAB /* include_juce_audio_plugin_client_utils.cpp */ /* include_juce_audio_plugin_client_utils.cpp */ = {isa = PBXFileReference; lastKnownFileType = sourcecode.cpp.cpp; name = include_juce_audio_plugin_client_utils.cpp; path = ../../JuceLibraryCode/include_juce_audio_plugin_client_utils.cpp; sourceTree = SOURCE_ROOT; };
		C892663B908A1473DD8DA131 /* SpectrumComponent.cpp */ /* SpectrumComponent.cpp */ = {isa = PBXFileReference; lastKnownFileType = sourcecode.cpp.cpp; name = SpectrumComponent.cpp; path = ../../Source/SpectrumComponent.cpp; sourceTree = SOURCE_ROOT; };
		CA0E5516CD13826FED518265 /* Info-Standalone_Plugin.plist */ /* Info-Standalone_Plugin.plist */ = {isa = PBXFileReference; lastKnownFileType = text.plist.xml; name = "Info-Standalone_Plugin.plist"; path = "Info-Standalone_Plugin.plist"; sourceTree = SOURCE_ROOT; };
		DA20D98C62C175390038D526 /* juce_audio_processors */ /* juce_audio_processors */ = {isa = PBXFileReference; lastKnownFileType = folder; name = juce_audio_processors; path = /Applications/JUCE/modules/juce_audio_processors; sourceTree = "<absolute>"; };
		E00FC93C636D319B10F94FE1 /* include_juce_audio_plugin_client_VST3.cpp */ /* include_juce_audio_plugin_client_VST3.cpp */ = {isa = PBXFileReference; lastKnownFileType = sourcecode.cpp.cpp; name = include_juce_audio_plugin_client_VST3.cpp; path = ../../JuceLibraryCode/include_juce_audio_plugin_client_VST3.cpp; sourceTree = SOURCE_ROOT; };
		E0E1B104767097EC1EAEE427 /* JuceHeader.h */ /* JuceHeader.h */ = {isa = PBXFileReference; lastKnownFileType = sourcecode.c.h; name = JuceHeader.h; path = ../../JuceLibraryCode/JuceHeader.h; sourceTree = SOURCE_ROOT; };
		E1B1925E0DAB9DC1F3260C51 /* PluginProcessor.cpp */ /* PluginProcessor.cpp */ = {isa = PBXFileReference; lastKnownFileType = sourcecode.cpp.cpp; name = PluginProcessor.cpp; path = ../../Source/PluginProcessor.cpp; sourceTree = SOURCE_ROOT; };
		E30B0E2F897FB3F1CB1A2E4B /* DiscRecording.framework */ /* DiscRecording.framework */ = {isa = PBXFileReference; lastKnownFileType = wrapper.framework; name = DiscRecording.framework; path = System/Library/Frameworks/DiscRecording.framework; sourceTree = SDKROOT; };
		E6D1CCC515AF2B14FA956CFD /* Standalone Plugin */ = {isa = PBXFileReference; explicitFileType = wrapper.application; includeInIndex = 0; path = "Neural Cab.app"; sourceTree = BUILT_PRODUCTS_DIR; };
		E957D39BF71DAC7D67151976 /* RecentFilesMenuTemplate.nib */ /* RecentFilesMenuTemplate.nib */ = {isa = PBXFileReference; lastKnownFileType = file.nib; name = RecentFilesMenuTemplate.nib; path = RecentFilesMenuTemplate.nib; sourceTree = SOURCE_ROOT; };
		F0F73843B11695A4425737DD /* Info-VST3.plist */ /* Info-VST3.plist */ = {isa = PBXFileReference; lastKnownFileType = text.plist.xml; name = "Info-VST3.plist"; path = "Info-VST3.plist"; sourceTree = SOURCE_ROOT; };
		F14F0143B0304CC1471EA76B /* AU */ = {isa = PBXFileReference; explicitFileType = wrapper.cfbundle; includeInIndex = 0; path = "Neural Cab.component"; sourceTree = BUILT_PRODUCTS_DIR; };
		F92DF7CB298B940E0F24B095 /* OLA.h */ /* OLA.h */ = {isa = PBXFileReference; lastKnownFileType = sourcecode.c.h; name = OLA.h; path = ../../Source/OLA.h; sourceTree = SOURCE_ROOT; };
		F99EE02C39568D453E7A2774 /* include_juce_audio_devices.mm */ /* include_juce_audio_devices.mm */ = {isa = PBXFileReference; lastKnownFileType = sourcecode.cpp.objcpp; name = include_juce_audio_devices.mm; path = ../../JuceLibraryCode/include_juce_audio_devices.mm; sourceTree = SOURCE_ROOT; };
		FB8A5DFE0E76CE1DD93AADC0 /* include_juce_gui_extra.mm */ /* include_juce_gui_extra.mm */ = {isa = PBXFileReference; lastKnownFileType = sourcecode.cpp.objcpp; name = include_juce_gui_extra.mm; path = ../../JuceLibraryCode/include_juce_gui_extra.mm; sourceTree = SOURCE_ROOT; };
/* End PBXFileReference section */

/* Begin PBXFrameworksBuildPhase section */
		3E50C3D4F7C344AE5044D3EF = {
			isa = PBXFrameworksBuildPhase;
			buildActionMask = 2147483647;
			files = (
				62C29D42C9E37AA1EAA2C34A,
				317CEBA98D702C661028ED3F,
				6B9A09C25B69C2871618A3BF,
				B56F283C0B019AD800DFE80B,
				0DEF707C41884651395CA7FB,
				A77B7E051553A310DD4465BF,
				8B2ADC9B27DE964218F019AB,
				8BD2E6630776634397336B33,
				05C83E1491ED91E655774D5D,
				CE133370D47EE862C52BB9E1,
				43A5DBDE72EF35C50147A56D,
				1E9B7CE437CA54F7B15A6411,
			);
			runOnlyForDeploymentPostprocessing = 0;
		};
		B4032CFEFD9493C431141B15 = {
			isa = PBXFrameworksBuildPhase;
			buildActionMask = 2147483647;
			files = (
				E12CC2D2103A0B6DE1388833,
				62C29D42C9E37AA1EAA2C34A,
				317CEBA98D702C661028ED3F,
				6B9A09C25B69C2871618A3BF,
				B56F283C0B019AD800DFE80B,
				0DEF707C41884651395CA7FB,
				A77B7E051553A310DD4465BF,
				8B2ADC9B27DE964218F019AB,
				8BD2E6630776634397336B33,
				05C83E1491ED91E655774D5D,
				CE133370D47EE862C52BB9E1,
				43A5DBDE72EF35C50147A56D,
				1E9B7CE437CA54F7B15A6411,
			);
			runOnlyForDeploymentPostprocessing = 0;
		};
		C937E906D3DA00B3FC9CA282 = {
			isa = PBXFrameworksBuildPhase;
			buildActionMask = 2147483647;
			files = (
				62C29D42C9E37AA1EAA2C34A,
				317CEBA98D702C661028ED3F,
				6B9A09C25B69C2871618A3BF,
				B56F283C0B019AD800DFE80B,
				0DEF707C41884651395CA7FB,
				A77B7E051553A310DD4465BF,
				8B2ADC9B27DE964218F019AB,
				8BD2E6630776634397336B33,
				05C83E1491ED91E655774D5D,
				CE133370D47EE862C52BB9E1,
				43A5DBDE72EF35C50147A56D,
				1E9B7CE437CA54F7B15A6411,
			);
			runOnlyForDeploymentPostprocessing = 0;
		};
/* End PBXFrameworksBuildPhase section */

/* Begin PBXGroup section */
		3514DECFD0EDB913F9BB0847 /* JUCE Modules */ = {
			isa = PBXGroup;
			children = (
				4C666CF869BA12E72158B5B2,
				2FECEF0FECEA4C67FD867F17,
				840BDED7B85EF0F332840778,
				25865D1D2C7855844240C0F7,
				DA20D98C62C175390038D526,
				59D80142B2A668EA1A575991,
				1C95F5DCBF85E60B6F1E3BC4,
				AF9238A1CF4990526A7560E9,
				B693F2266F5A408A54EB239B,
				2C513E2F3549ED9683F9D9E0,
				A63B77608A5DCF012473BA80,
				0D06724718870F851543E8C2,
				55D1D90FF8C3ABA528155692,
			);
			name = "JUCE Modules";
			sourceTree = "<group>";
		};
		552D1854F737353158D44FCB /* Resources */ = {
			isa = PBXGroup;
			children = (
				F0F73843B11695A4425737DD,
				BEEDC4588FEC1354C5848E9E,
				CA0E5516CD13826FED518265,
				E957D39BF71DAC7D67151976,
				51C209AF9C8526801AA4FB2B,
			);
			name = Resources;
			sourceTree = "<group>";
		};
		56281FF313AE1E882BD4BA61 /* JUCE Library Code */ = {
			isa = PBXGroup;
			children = (
				88BA608C2DC25A3E33219EBA,
				F99EE02C39568D453E7A2774,
				140C69EB80FA80A21D61DECA,
				ACE84C314388109DD5E854BF,
				363C3F0D768C94B1D1171CF9,
				BDEF3C8BF40047339C05344C,
				17826A7119B39B21DAB7CEF4,
				C1E1769DF371CC307EA90DAB,
				376200222967EA56093B5232,
				E00FC93C636D319B10F94FE1,
				6E50FBA43A9E11435B0400DE,
				6FBD4294859AA353BD8C3ADC,
				1B22645FCF085710208E80CB,
				219BC0D62061D7639031BD7C,
				1197C255E97128931C078BA3,
				873C7D63266F2FAF3CDF722D,
				60ED176156445D23D108CD4A,
				4FB8664AAE1AD98999E0969D,
				FB8A5DFE0E76CE1DD93AADC0,
				E0E1B104767097EC1EAEE427,
				59B42B46A5483DF134FA12BB,
			);
			name = "JUCE Library Code";
			sourceTree = "<group>";
		};
		5F2D117026C6496A56D3C286 /* Frameworks */ = {
			isa = PBXGroup;
			children = (
				1E86E4F7B64FDB5D1234AB36,
				6C81866F20D11120E9345FF4,
				989C5EF2D6F0338DAE64993E,
				777F9BAAA98782E11579AAE0,
				189DA41F6D14E2409EC2527D,
				883FB568CA249A950A3588DD,
				B647464DDEC5E358BEC7F0A5,
				89F69B290DD3C470016EDD4B,
				E30B0E2F897FB3F1CB1A2E4B,
				5E5B4D6F8C81DD8BEC799561,
				558DD6C735D39E948DC51086,
				8C5AC83AC1FCC26C85093206,
				A9B2A9AB522B49788C38451E,
			);
			name = Frameworks;
			sourceTree = "<group>";
		};
		724CB04589748AF01D720938 /* Source */ = {
			isa = PBXGroup;
			children = (
				CD4D771AF21110B8D0575868,
				3514DECFD0EDB913F9BB0847,
				56281FF313AE1E882BD4BA61,
				552D1854F737353158D44FCB,
				5F2D117026C6496A56D3C286,
				E0A4789108236954C30C7E32,
			);
			name = Source;
			sourceTree = "<group>";
		};
		CD4D771AF21110B8D0575868 /* Neural Cab */ = {
			isa = PBXGroup;
			children = (
				F2D8266B80B78B5DFA0E1C93,
			);
			name = "Neural Cab";
			sourceTree = "<group>";
		};
		E0A4789108236954C30C7E32 /* Products */ = {
			isa = PBXGroup;
			children = (
				55F80C404B95C3C9D39366AD,
				F14F0143B0304CC1471EA76B,
				E6D1CCC515AF2B14FA956CFD,
				804025B1D636F648783F35AB,
			);
			name = Products;
			sourceTree = "<group>";
		};
		F2D8266B80B78B5DFA0E1C93 /* Source */ = {
			isa = PBXGroup;
			children = (
				E1B1925E0DAB9DC1F3260C51,
				4E17857C6C937B595580BD08,
				43D37045C4649DE620AC2372,
				6389DB82F17679F712FA101A,
				4127C1B3301B62A0203C2BE4,
				AAE355E09DFB1ED0B1F5F8FD,
				C892663B908A1473DD8DA131,
				2B0470C4F2BD3FF7BC662938,
				F92DF7CB298B940E0F24B095,
			);
			name = Source;
			sourceTree = "<group>";
		};
/* End PBXGroup section */

/* Begin PBXNativeTarget section */
		06475528628C8A14AAF28639 /* Neural Cab - Standalone Plugin */ = {
			isa = PBXNativeTarget;
			buildConfigurationList = 3830862C7CB98B9362E3DBAF;
			buildPhases = (
				715F53AB0827477FD2386C01,
				1DE546F58F4E61420C44C1BB,
				C937E906D3DA00B3FC9CA282,
				FD501E2C7ABC0CD846C008B7,
			);
			buildRules = (
			);
			dependencies = (
				7D4BED794E2823C6EC2ABBBB,
			);
			name = "Neural Cab - Standalone Plugin";
			productName = "Neural Cab";
			productReference = E6D1CCC515AF2B14FA956CFD;
			productType = "com.apple.product-type.application";
		};
		B9BED37094F7F81E99544E5D /* Neural Cab - AU */ = {
			isa = PBXNativeTarget;
			buildConfigurationList = 27D959D73685D4D758F0B6C8;
			buildPhases = (
				BECAC67F6669FEAE66302908,
				FE963446AE9D4F64157B8DC2,
				DBBFC6D570E6E6BAD135968D,
				B4032CFEFD9493C431141B15,
				BAC417E593F36ADE499C2C4F,
			);
			buildRules = (
			);
			dependencies = (
				729ADFE04C08B74EA444AB62,
			);
			name = "Neural Cab - AU";
			productName = "Neural Cab";
			productReference = F14F0143B0304CC1471EA76B;
			productType = "com.apple.product-type.bundle";
		};
		EAC6C8D76F64774A28205D4A /* Neural Cab - Shared Code */ = {
			isa = PBXNativeTarget;
			buildConfigurationList = 93A796C2C3CF34483DD5BA1F;
			buildPhases = (
				4A886811C9206F2920A01AD0,
				1201E635E1E11D67CC81F6C7,
			);
			buildRules = (
			);
			dependencies = (
			);
			name = "Neural Cab - Shared Code";
			productName = "Neural Cab";
			productReference = 804025B1D636F648783F35AB;
			productType = "com.apple.product-type.library.static";
		};
		EFDDC2A8F47FF5CA7324F617 /* Neural Cab - VST3 */ = {
			isa = PBXNativeTarget;
			buildConfigurationList = 38E3ABFF397BA753904F7166;
			buildPhases = (
				A242EBA5F441CA9E08336428,
				CC0042BEA12B4C3EE45900C5,
				3E50C3D4F7C344AE5044D3EF,
				91E11D9475335C99285A6FDC,
			);
			buildRules = (
			);
			dependencies = (
				9E76443192FACA618F52C359,
			);
			name = "Neural Cab - VST3";
			productName = "Neural Cab";
			productReference = 55F80C404B95C3C9D39366AD;
			productType = "com.apple.product-type.bundle";
		};
/* End PBXNativeTarget section */

/* Begin PBXProject section */
		CC3924BD790A623F4FB6EEEF = {
			isa = PBXProject;
			attributes = {
				LastUpgradeCheck = 1320;
				ORGANIZATIONNAME = "";
				TargetAttributes = {
					06475528628C8A14AAF28639 = {
						SystemCapabilities = {
							com.apple.ApplicationGroups.iOS = {
								enabled = 0;
							};
							com.apple.HardenedRuntime = {
								enabled = 0;
							};
							com.apple.InAppPurchase = {
								enabled = 0;
							};
							com.apple.InterAppAudio = {
								enabled = 0;
							};
							com.apple.Push = {
								enabled = 0;
							};
							com.apple.Sandbox = {
								enabled = 0;
							};
						};
					};
					7218774EFC2BF00D133DF2F3 = {
						SystemCapabilities = {
							com.apple.ApplicationGroups.iOS = {
								enabled = 0;
							};
							com.apple.HardenedRuntime = {
								enabled = 0;
							};
							com.apple.InAppPurchase = {
								enabled = 0;
							};
							com.apple.InterAppAudio = {
								enabled = 0;
							};
							com.apple.Push = {
								enabled = 0;
							};
							com.apple.Sandbox = {
								enabled = 0;
							};
						};
					};
					B9BED37094F7F81E99544E5D = {
						SystemCapabilities = {
							com.apple.ApplicationGroups.iOS = {
								enabled = 0;
							};
							com.apple.HardenedRuntime = {
								enabled = 0;
							};
							com.apple.InAppPurchase = {
								enabled = 0;
							};
							com.apple.InterAppAudio = {
								enabled = 0;
							};
							com.apple.Push = {
								enabled = 0;
							};
							com.apple.Sandbox = {
								enabled = 0;
							};
						};
					};
					EAC6C8D76F64774A28205D4A = {
						SystemCapabilities = {
							com.apple.ApplicationGroups.iOS = {
								enabled = 0;
							};
							com.apple.HardenedRuntime = {
								enabled = 0;
							};
							com.apple.InAppPurchase = {
								enabled = 0;
							};
							com.apple.InterAppAudio = {
								enabled = 0;
							};
							com.apple.Push = {
								enabled = 0;
							};
							com.apple.Sandbox = {
								enabled = 0;
							};
						};
					};
					EFDDC2A8F47FF5CA7324F617 = {
						SystemCapabilities = {
							com.apple.ApplicationGroups.iOS = {
								enabled = 0;
							};
							com.apple.HardenedRuntime = {
								enabled = 0;
							};
							com.apple.InAppPurchase = {
								enabled = 0;
							};
							com.apple.InterAppAudio = {
								enabled = 0;
							};
							com.apple.Push = {
								enabled = 0;
							};
							com.apple.Sandbox = {
								enabled = 0;
							};
						};
					};
				};
			};
			buildConfigurationList = 30A8381AAE30C174E51820D0;
			compatibilityVersion = "Xcode 3.2";
			hasScannedForEncodings = 0;
			knownRegions = (
				en,
				Base,
			);
			mainGroup = 724CB04589748AF01D720938;
			projectDirPath = "";
			projectRoot = "";
			targets = (
				7218774EFC2BF00D133DF2F3,
				EFDDC2A8F47FF5CA7324F617,
				B9BED37094F7F81E99544E5D,
				06475528628C8A14AAF28639,
				EAC6C8D76F64774A28205D4A,
			);
		};
/* End PBXProject section */

/* Begin PBXResourcesBuildPhase section */
		715F53AB0827477FD2386C01 = {
			isa = PBXResourcesBuildPhase;
			buildActionMask = 2147483647;
			files = (
				164E034687F91245F5C4E023,
				2F8A3784595FF1536C215274,
			);
			runOnlyForDeploymentPostprocessing = 0;
		};
		A242EBA5F441CA9E08336428 = {
			isa = PBXResourcesBuildPhase;
			buildActionMask = 2147483647;
			files = (
				164E034687F91245F5C4E023,
				2F8A3784595FF1536C215274,
			);
			runOnlyForDeploymentPostprocessing = 0;
		};
		BECAC67F6669FEAE66302908 = {
			isa = PBXResourcesBuildPhase;
			buildActionMask = 2147483647;
			files = (
				164E034687F91245F5C4E023,
				2F8A3784595FF1536C215274,
			);
			runOnlyForDeploymentPostprocessing = 0;
		};
/* End PBXResourcesBuildPhase section */

/* Begin PBXRezBuildPhase section */
		FE963446AE9D4F64157B8DC2 = {
			isa = PBXRezBuildPhase;
			buildActionMask = 2147483647;
			files = (
				05494FD9EC68E61456DB9C27,
			);
			runOnlyForDeploymentPostprocessing = 0;
		};
/* End PBXRezBuildPhase section */

/* Begin PBXShellScriptBuildPhase section */
		1201E635E1E11D67CC81F6C7 /* Post-build script */ = {
			isa = PBXShellScriptBuildPhase;
			buildActionMask = 2147483647;
			files = (
			);
			runOnlyForDeploymentPostprocessing = 0;
			name = "Post-build script";
			alwaysOutOfDate = 1;
			shellPath = /bin/sh;
			shellScript = "cp ../../dependencies/onnxruntime-osx-arm64-1.11.1/lib/libonnxruntime.1.11.1.dylib \"${HOME}/Library/Audio/Plug-Ins/Components/Neural Cab.component/Contents/MacOS/\"\ncp ../../dependencies/onnxruntime-osx-arm64-1.11.1/lib/libonnxruntime.1.11.1.dylib \"${HOME}/Library/Audio/Plug-Ins/VST3/Neural Cab.vst3/Contents/MacOS/\"";
		};
		59DB780C3E1CBB6D86383F4D /* Post-build script */ = {
			isa = PBXShellScriptBuildPhase;
			buildActionMask = 2147483647;
			files = (
			);
			runOnlyForDeploymentPostprocessing = 0;
			name = "Post-build script";
			alwaysOutOfDate = 1;
			shellPath = /bin/sh;
			shellScript = "cp ../../dependencies/onnxruntime-osx-arm64-1.11.1/lib/libonnxruntime.1.11.1.dylib \"${HOME}/Library/Audio/Plug-Ins/Components/Neural Cab.component/Contents/MacOS/\"\ncp ../../dependencies/onnxruntime-osx-arm64-1.11.1/lib/libonnxruntime.1.11.1.dylib \"${HOME}/Library/Audio/Plug-Ins/VST3/Neural Cab.vst3/Contents/MacOS/\"";
		};
		91E11D9475335C99285A6FDC /* Post-build script */ = {
			isa = PBXShellScriptBuildPhase;
			buildActionMask = 2147483647;
			files = (
			);
			runOnlyForDeploymentPostprocessing = 0;
			name = "Post-build script";
			alwaysOutOfDate = 1;
			shellPath = /bin/sh;
			shellScript = "cp ../../dependencies/onnxruntime-osx-arm64-1.11.1/lib/libonnxruntime.1.11.1.dylib \"${HOME}/Library/Audio/Plug-Ins/Components/Neural Cab.component/Contents/MacOS/\"\ncp ../../dependencies/onnxruntime-osx-arm64-1.11.1/lib/libonnxruntime.1.11.1.dylib \"${HOME}/Library/Audio/Plug-Ins/VST3/Neural Cab.vst3/Contents/MacOS/\"";
		};
		BAC417E593F36ADE499C2C4F /* Post-build script */ = {
			isa = PBXShellScriptBuildPhase;
			buildActionMask = 2147483647;
			files = (
			);
			runOnlyForDeploymentPostprocessing = 0;
			name = "Post-build script";
			alwaysOutOfDate = 1;
			shellPath = /bin/sh;
			shellScript = "cp ../../dependencies/onnxruntime-osx-arm64-1.11.1/lib/libonnxruntime.1.11.1.dylib \"${HOME}/Library/Audio/Plug-Ins/Components/Neural Cab.component/Contents/MacOS/\"\ncp ../../dependencies/onnxruntime-osx-arm64-1.11.1/lib/libonnxruntime.1.11.1.dylib \"${HOME}/Library/Audio/Plug-Ins/VST3/Neural Cab.vst3/Contents/MacOS/\"";
		};
		FD501E2C7ABC0CD846C008B7 /* Post-build script */ = {
			isa = PBXShellScriptBuildPhase;
			buildActionMask = 2147483647;
			files = (
			);
			runOnlyForDeploymentPostprocessing = 0;
			name = "Post-build script";
			alwaysOutOfDate = 1;
			shellPath = /bin/sh;
			shellScript = "cp ../../dependencies/onnxruntime-osx-arm64-1.11.1/lib/libonnxruntime.1.11.1.dylib \"${HOME}/Library/Audio/Plug-Ins/Components/Neural Cab.component/Contents/MacOS/\"\ncp ../../dependencies/onnxruntime-osx-arm64-1.11.1/lib/libonnxruntime.1.11.1.dylib \"${HOME}/Library/Audio/Plug-Ins/VST3/Neural Cab.vst3/Contents/MacOS/\"";
		};
/* End PBXShellScriptBuildPhase section */

/* Begin PBXSourcesBuildPhase section */
		1DE546F58F4E61420C44C1BB = {
			isa = PBXSourcesBuildPhase;
			buildActionMask = 2147483647;
			files = (
				1D0DA960599FA4CF9B055CE4,
			);
			runOnlyForDeploymentPostprocessing = 0;
		};
		4A886811C9206F2920A01AD0 = {
			isa = PBXSourcesBuildPhase;
			buildActionMask = 2147483647;
			files = (
				A1734682DFD0448E660036B5,
				8CCD8C58253A0C21E53036D9,
				90252EB0C8168773EBB48520,
				233164B77E51A810FAE9157D,
				BCC8D47EFA37CB8EED307114,
				803D978DBE7C0E25763AE39F,
				010B155EADD6B9D3CE8B1420,
				A5355EC028A89DF27713BF2E,
				2DA4B18D50A2F7A9E2025237,
				8AC594DB58387724C03A3914,
				E41B43CE6737040EF208DB01,
				7ECD2320D8647180CF04985B,
				EB38AC15C76873A682B7D67F,
				73D22740A751CF214B2D7D7B,
				1A5C5C3DE2B1E56A7BAB3C0C,
				588E19EAD7A2BB8A0A66372B,
				60FADC767E76F5B11E5E2ACB,
				F48D622FE9ADBB2E5CF01144,
			);
			runOnlyForDeploymentPostprocessing = 0;
		};
		CC0042BEA12B4C3EE45900C5 = {
			isa = PBXSourcesBuildPhase;
			buildActionMask = 2147483647;
			files = (
				D069A71A0790A83B5622F1FB,
			);
			runOnlyForDeploymentPostprocessing = 0;
		};
		DBBFC6D570E6E6BAD135968D = {
			isa = PBXSourcesBuildPhase;
			buildActionMask = 2147483647;
			files = (
				3740FD9EBF9C0D369FCC3383,
				32E62706B9D9F2B289B57184,
			);
			runOnlyForDeploymentPostprocessing = 0;
		};
/* End PBXSourcesBuildPhase section */

/* Begin PBXTargetDependency section */
		056B804A79A128C556394AC5 = {
			isa = PBXTargetDependency;
			target = B9BED37094F7F81E99544E5D;
		};
		28BFE40324337D02C7D118C8 = {
			isa = PBXTargetDependency;
			target = EFDDC2A8F47FF5CA7324F617;
		};
		729ADFE04C08B74EA444AB62 = {
			isa = PBXTargetDependency;
			target = EAC6C8D76F64774A28205D4A;
		};
		7D4BED794E2823C6EC2ABBBB = {
			isa = PBXTargetDependency;
			target = EAC6C8D76F64774A28205D4A;
		};
		9E76443192FACA618F52C359 = {
			isa = PBXTargetDependency;
			target = EAC6C8D76F64774A28205D4A;
		};
		B5A1012C24E9EE16A0ACEF39 = {
			isa = PBXTargetDependency;
			target = 06475528628C8A14AAF28639;
		};
		D05F9272A83AC642DA5B9981 = {
			isa = PBXTargetDependency;
			target = EAC6C8D76F64774A28205D4A;
		};
/* End PBXTargetDependency section */

/* Begin XCBuildConfiguration section */
		25784B9AEDFA8BDA28806369 /* Release */ = {
			isa = XCBuildConfiguration;
			buildSettings = {
				ALWAYS_SEARCH_USER_PATHS = NO;
				CLANG_ENABLE_OBJC_WEAK = YES;
				CLANG_WARN_BLOCK_CAPTURE_AUTORELEASING = YES;
				CLANG_WARN_BOOL_CONVERSION = YES;
				CLANG_WARN_COMMA = YES;
				CLANG_WARN_CONSTANT_CONVERSION = YES;
				CLANG_WARN_DEPRECATED_OBJC_IMPLEMENTATIONS = YES;
				CLANG_WARN_EMPTY_BODY = YES;
				CLANG_WARN_ENUM_CONVERSION = YES;
				CLANG_WARN_INFINITE_RECURSION = YES;
				CLANG_WARN_INT_CONVERSION = YES;
				CLANG_WARN_NON_LITERAL_NULL_CONVERSION = YES;
				CLANG_WARN_OBJC_IMPLICIT_RETAIN_SELF = YES;
				CLANG_WARN_OBJC_LITERAL_CONVERSION = YES;
				CLANG_WARN_RANGE_LOOP_ANALYSIS = YES;
				CLANG_WARN_STRICT_PROTOTYPES = YES;
				CLANG_WARN_SUSPICIOUS_MOVE = YES;
				CLANG_WARN_UNREACHABLE_CODE = YES;
				CLANG_WARN__DUPLICATE_METHOD_MATCH = YES;
				CODE_SIGN_IDENTITY = "";
				DEBUG_INFORMATION_FORMAT = dwarf;
				ENABLE_STRICT_OBJC_MSGSEND = YES;
				ENABLE_TESTABILITY = NO;
				GCC_C_LANGUAGE_STANDARD = c11;
				GCC_INLINES_ARE_PRIVATE_EXTERN = YES;
				GCC_MODEL_TUNING = G5;
				GCC_NO_COMMON_BLOCKS = YES;
				GCC_SYMBOLS_PRIVATE_EXTERN = YES;
				GCC_WARN_64_TO_32_BIT_CONVERSION = YES;
				GCC_WARN_ABOUT_RETURN_TYPE = YES;
				GCC_WARN_CHECK_SWITCH_STATEMENTS = YES;
				GCC_WARN_MISSING_PARENTHESES = YES;
				GCC_WARN_NON_VIRTUAL_DESTRUCTOR = YES;
				GCC_WARN_TYPECHECK_CALLS_TO_PRINTF = YES;
				GCC_WARN_UNDECLARED_SELECTOR = YES;
				GCC_WARN_UNINITIALIZED_AUTOS = YES;
				GCC_WARN_UNUSED_FUNCTION = YES;
				GCC_WARN_UNUSED_VARIABLE = YES;
				ONLY_ACTIVE_ARCH = YES;
				PRODUCT_NAME = "Neural Cab";
				SDKROOT = macosx;
				WARNING_CFLAGS = "-Wreorder";
				ZERO_LINK = NO;
			};
			name = Release;
		};
		54030A605EED7D42BAEAC5E2 /* Debug */ = {
			isa = XCBuildConfiguration;
			buildSettings = {
				CLANG_CXX_LANGUAGE_STANDARD = "c++20";
				CLANG_CXX_LIBRARY = "libc++";
				CLANG_LINK_OBJC_RUNTIME = NO;
				CODE_SIGN_IDENTITY = "";
				COMBINE_HIDPI_IMAGES = YES;
				CONFIGURATION_BUILD_DIR = "$(PROJECT_DIR)/build/$(CONFIGURATION)";
				COPY_PHASE_STRIP = NO;
				DEPLOYMENT_LOCATION = YES;
				DSTROOT = /;
				EXCLUDED_ARCHS = "i386 x86_64 arm64e";
				GCC_DYNAMIC_NO_PIC = NO;
				GCC_OPTIMIZATION_LEVEL = 0;
				GCC_PREPROCESSOR_DEFINITIONS = (
					"_DEBUG=1",
					"DEBUG=1",
					"JUCE_DISPLAY_SPLASH_SCREEN=1",
					"JUCE_USE_DARK_SPLASH_SCREEN=1",
					"JUCE_PROJUCER_VERSION=0x60106",
					"JUCE_MODULE_AVAILABLE_juce_audio_basics=1",
					"JUCE_MODULE_AVAILABLE_juce_audio_devices=1",
					"JUCE_MODULE_AVAILABLE_juce_audio_formats=1",
					"JUCE_MODULE_AVAILABLE_juce_audio_plugin_client=1",
					"JUCE_MODULE_AVAILABLE_juce_audio_processors=1",
					"JUCE_MODULE_AVAILABLE_juce_audio_utils=1",
					"JUCE_MODULE_AVAILABLE_juce_core=1",
					"JUCE_MODULE_AVAILABLE_juce_data_structures=1",
					"JUCE_MODULE_AVAILABLE_juce_dsp=1",
					"JUCE_MODULE_AVAILABLE_juce_events=1",
					"JUCE_MODULE_AVAILABLE_juce_graphics=1",
					"JUCE_MODULE_AVAILABLE_juce_gui_basics=1",
					"JUCE_MODULE_AVAILABLE_juce_gui_extra=1",
					"JUCE_GLOBAL_MODULE_SETTINGS_INCLUDED=1",
					"JUCE_VST3_CAN_REPLACE_VST2=0",
					"JUCE_STRICT_REFCOUNTEDPOINTER=1",
					"JucePlugin_Build_VST=0",
					"JucePlugin_Build_VST3=0",
					"JucePlugin_Build_AU=1",
					"JucePlugin_Build_AUv3=0",
					"JucePlugin_Build_RTAS=0",
					"JucePlugin_Build_AAX=0",
					"JucePlugin_Build_Standalone=0",
					"JucePlugin_Build_Unity=0",
					"JucePlugin_Enable_IAA=0",
					"JucePlugin_Name=\\\"Neural\\ Cab\\\"",
					"JucePlugin_Desc=\\\"Neural\\ Cab\\\"",
					"JucePlugin_Manufacturer=\\\"yourcompany\\\"",
					"JucePlugin_ManufacturerWebsite=\\\"\\\"",
					"JucePlugin_ManufacturerEmail=\\\"\\\"",
					"JucePlugin_ManufacturerCode=0x4d616e75",
					"JucePlugin_PluginCode=0x5a326e6e",
					"JucePlugin_IsSynth=0",
					"JucePlugin_WantsMidiInput=0",
					"JucePlugin_ProducesMidiOutput=0",
					"JucePlugin_IsMidiEffect=0",
					"JucePlugin_EditorRequiresKeyboardFocus=0",
					"JucePlugin_Version=1.0.0",
					"JucePlugin_VersionCode=0x10000",
					"JucePlugin_VersionString=\\\"1.0.0\\\"",
					"JucePlugin_VSTUniqueID=JucePlugin_PluginCode",
					"JucePlugin_VSTCategory=kPlugCategEffect",
					"JucePlugin_Vst3Category=\\\"Fx\\\"",
					"JucePlugin_AUMainType=\\'aufx\\'",
					"JucePlugin_AUSubType=JucePlugin_PluginCode",
					"JucePlugin_AUExportPrefix=NeuralCabAU",
					"JucePlugin_AUExportPrefixQuoted=\\\"NeuralCabAU\\\"",
					"JucePlugin_AUManufacturerCode=JucePlugin_ManufacturerCode",
					"JucePlugin_CFBundleIdentifier=com.yourcompany.NeuralCab",
					"JucePlugin_RTASCategory=0",
					"JucePlugin_RTASManufacturerCode=JucePlugin_ManufacturerCode",
					"JucePlugin_RTASProductId=JucePlugin_PluginCode",
					"JucePlugin_RTASDisableBypass=0",
					"JucePlugin_RTASDisableMultiMono=0",
					"JucePlugin_AAXIdentifier=com.yourcompany.NeuralCab",
					"JucePlugin_AAXManufacturerCode=JucePlugin_ManufacturerCode",
					"JucePlugin_AAXProductId=JucePlugin_PluginCode",
					"JucePlugin_AAXCategory=0",
					"JucePlugin_AAXDisableBypass=0",
					"JucePlugin_AAXDisableMultiMono=0",
					"JucePlugin_IAAType=0x61757278",
					"JucePlugin_IAASubType=JucePlugin_PluginCode",
					"JucePlugin_IAAName=\\\"yourcompany:\\ Neural\\ Cab\\\"",
					"JucePlugin_VSTNumMidiInputs=16",
					"JucePlugin_VSTNumMidiOutputs=16",
					"JUCE_STANDALONE_APPLICATION=JucePlugin_Build_Standalone",
					"JUCER_XCODE_MAC_F6D2F4CF=1",
					"JUCE_APP_VERSION=1.0.0",
					"JUCE_APP_VERSION_HEX=0x10000",
				);
				GCC_VERSION = com.apple.compilers.llvm.clang.1_0;
				GENERATE_PKGINFO_FILE = YES;
				HEADER_SEARCH_PATHS = (
					"/Applications/JUCE/modules/juce_audio_processors/format_types/VST3_SDK",
					"$(SRCROOT)/../../JuceLibraryCode",
					"/Applications/JUCE/modules",
					"$(SRCROOT)/../../dependencies/onnxruntime-osx-arm64-1.11.1/include",
					"/Applications/JUCE/modules/juce_audio_plugin_client",
					"$(inherited)",
				);
				INFOPLIST_FILE = Info-AU.plist;
				INFOPLIST_PREPROCESS = NO;
				INSTALL_PATH = "$(HOME)/Library/Audio/Plug-Ins/Components/";
				LD_RUNPATH_SEARCH_PATHS = "${HOME}/Library/Audio/Plug-Ins/Components/Neural Cab.component/Contents/MacOS/";
				LIBRARY_SEARCH_PATHS = (
					"$(inherited)",
					"\"../../dependencies/onnxruntime-osx-arm64-1.11.1\"",
				);
				LIBRARY_STYLE = Bundle;
				MACOSX_DEPLOYMENT_TARGET = 10.11;
				MTL_HEADER_SEARCH_PATHS = "/Applications/JUCE/modules/juce_audio_processors/format_types/VST3_SDK $(SRCROOT)/../../JuceLibraryCode /Applications/JUCE/modules $(SRCROOT)/../../dependencies/onnxruntime-osx-arm64-1.11.1/include /Applications/JUCE/modules/juce_audio_plugin_client";
				OTHER_LDFLAGS = "-bundle -lNeural\\ Cab -lonnxruntime.1.11.1";
				OTHER_REZFLAGS = "-d ppc_$ppc -d i386_$i386 -d ppc64_$ppc64 -d x86_64_$x86_64 -d arm64_$arm64 -I /System/Library/Frameworks/CoreServices.framework/Frameworks/CarbonCore.framework/Versions/A/Headers -I \"$(DEVELOPER_DIR)/Extras/CoreAudio/AudioUnits/AUPublic/AUBase\" -I \"$(DEVELOPER_DIR)/Platforms/MacOSX.platform/Developer/SDKs/MacOSX.sdk/System/Library/Frameworks/AudioUnit.framework/Headers\"";
				PRODUCT_BUNDLE_IDENTIFIER = com.yourcompany.NeuralCab;
				PRODUCT_NAME = "Neural Cab";
				USE_HEADERMAP = NO;
				VALID_ARCHS = "arm64";
				WRAPPER_EXTENSION = component;
			};
			name = Debug;
		};
		57071848B0663069A2B63B94 /* Release */ = {
			isa = XCBuildConfiguration;
			buildSettings = {
				CLANG_CXX_LANGUAGE_STANDARD = "c++20";
				CLANG_CXX_LIBRARY = "libc++";
				CLANG_LINK_OBJC_RUNTIME = NO;
				CODE_SIGN_IDENTITY = "";
				COMBINE_HIDPI_IMAGES = YES;
				CONFIGURATION_BUILD_DIR = "$(PROJECT_DIR)/build/$(CONFIGURATION)";
				COPY_PHASE_STRIP = NO;
				DEPLOYMENT_LOCATION = YES;
				DSTROOT = /;
				EXCLUDED_ARCHS = "i386 x86_64 arm64e";
				GCC_DYNAMIC_NO_PIC = NO;
				GCC_OPTIMIZATION_LEVEL = 0;
				GCC_PREPROCESSOR_DEFINITIONS = (
					"_DEBUG=1",
					"DEBUG=1",
					"JUCE_DISPLAY_SPLASH_SCREEN=1",
					"JUCE_USE_DARK_SPLASH_SCREEN=1",
					"JUCE_PROJUCER_VERSION=0x60106",
					"JUCE_MODULE_AVAILABLE_juce_audio_basics=1",
					"JUCE_MODULE_AVAILABLE_juce_audio_devices=1",
					"JUCE_MODULE_AVAILABLE_juce_audio_formats=1",
					"JUCE_MODULE_AVAILABLE_juce_audio_plugin_client=1",
					"JUCE_MODULE_AVAILABLE_juce_audio_processors=1",
					"JUCE_MODULE_AVAILABLE_juce_audio_utils=1",
					"JUCE_MODULE_AVAILABLE_juce_core=1",
					"JUCE_MODULE_AVAILABLE_juce_data_structures=1",
					"JUCE_MODULE_AVAILABLE_juce_dsp=1",
					"JUCE_MODULE_AVAILABLE_juce_events=1",
					"JUCE_MODULE_AVAILABLE_juce_graphics=1",
					"JUCE_MODULE_AVAILABLE_juce_gui_basics=1",
					"JUCE_MODULE_AVAILABLE_juce_gui_extra=1",
					"JUCE_GLOBAL_MODULE_SETTINGS_INCLUDED=1",
					"JUCE_VST3_CAN_REPLACE_VST2=0",
					"JUCE_STRICT_REFCOUNTEDPOINTER=1",
					"JucePlugin_Build_VST=0",
					"JucePlugin_Build_VST3=0",
					"JucePlugin_Build_AU=1",
					"JucePlugin_Build_AUv3=0",
					"JucePlugin_Build_RTAS=0",
					"JucePlugin_Build_AAX=0",
					"JucePlugin_Build_Standalone=0",
					"JucePlugin_Build_Unity=0",
					"JucePlugin_Enable_IAA=0",
					"JucePlugin_Name=\\\"Neural\\ Cab\\\"",
					"JucePlugin_Desc=\\\"Neural\\ Cab\\\"",
					"JucePlugin_Manufacturer=\\\"yourcompany\\\"",
					"JucePlugin_ManufacturerWebsite=\\\"\\\"",
					"JucePlugin_ManufacturerEmail=\\\"\\\"",
					"JucePlugin_ManufacturerCode=0x4d616e75",
					"JucePlugin_PluginCode=0x5a326e6e",
					"JucePlugin_IsSynth=0",
					"JucePlugin_WantsMidiInput=0",
					"JucePlugin_ProducesMidiOutput=0",
					"JucePlugin_IsMidiEffect=0",
					"JucePlugin_EditorRequiresKeyboardFocus=0",
					"JucePlugin_Version=1.0.0",
					"JucePlugin_VersionCode=0x10000",
					"JucePlugin_VersionString=\\\"1.0.0\\\"",
					"JucePlugin_VSTUniqueID=JucePlugin_PluginCode",
					"JucePlugin_VSTCategory=kPlugCategEffect",
					"JucePlugin_Vst3Category=\\\"Fx\\\"",
					"JucePlugin_AUMainType=\\'aufx\\'",
					"JucePlugin_AUSubType=JucePlugin_PluginCode",
					"JucePlugin_AUExportPrefix=NeuralCabAU",
					"JucePlugin_AUExportPrefixQuoted=\\\"NeuralCabAU\\\"",
					"JucePlugin_AUManufacturerCode=JucePlugin_ManufacturerCode",
					"JucePlugin_CFBundleIdentifier=com.yourcompany.NeuralCab",
					"JucePlugin_RTASCategory=0",
					"JucePlugin_RTASManufacturerCode=JucePlugin_ManufacturerCode",
					"JucePlugin_RTASProductId=JucePlugin_PluginCode",
					"JucePlugin_RTASDisableBypass=0",
					"JucePlugin_RTASDisableMultiMono=0",
					"JucePlugin_AAXIdentifier=com.yourcompany.NeuralCab",
					"JucePlugin_AAXManufacturerCode=JucePlugin_ManufacturerCode",
					"JucePlugin_AAXProductId=JucePlugin_PluginCode",
					"JucePlugin_AAXCategory=0",
					"JucePlugin_AAXDisableBypass=0",
					"JucePlugin_AAXDisableMultiMono=0",
					"JucePlugin_IAAType=0x61757278",
					"JucePlugin_IAASubType=JucePlugin_PluginCode",
					"JucePlugin_IAAName=\\\"yourcompany:\\ Neural\\ Cab\\\"",
					"JucePlugin_VSTNumMidiInputs=16",
					"JucePlugin_VSTNumMidiOutputs=16",
					"JUCE_STANDALONE_APPLICATION=JucePlugin_Build_Standalone",
					"JUCER_XCODE_MAC_F6D2F4CF=1",
					"JUCE_APP_VERSION=1.0.0",
					"JUCE_APP_VERSION_HEX=0x10000",
				);
				GCC_VERSION = com.apple.compilers.llvm.clang.1_0;
				GENERATE_PKGINFO_FILE = YES;
				HEADER_SEARCH_PATHS = (
					"/Applications/JUCE/modules/juce_audio_processors/format_types/VST3_SDK",
					"$(SRCROOT)/../../JuceLibraryCode",
					"/Applications/JUCE/modules",
					"$(SRCROOT)/../../dependencies/onnxruntime-osx-arm64-1.11.1/include",
					"/Applications/JUCE/modules/juce_audio_plugin_client",
					"$(inherited)",
				);
				INFOPLIST_FILE = Info-AU.plist;
				INFOPLIST_PREPROCESS = NO;
				INSTALL_PATH = "$(HOME)/Library/Audio/Plug-Ins/Components/";
				LD_RUNPATH_SEARCH_PATHS = "${HOME}/Library/Audio/Plug-Ins/Components/Neural Cab.component/Contents/MacOS/";
				LIBRARY_SEARCH_PATHS = (
					"$(inherited)",
					"\"../../dependencies/onnxruntime-osx-arm64-1.11.1\"",
				);
				LIBRARY_STYLE = Bundle;
				MACOSX_DEPLOYMENT_TARGET = 10.11;
				MTL_HEADER_SEARCH_PATHS = "/Applications/JUCE/modules/juce_audio_processors/format_types/VST3_SDK $(SRCROOT)/../../JuceLibraryCode /Applications/JUCE/modules $(SRCROOT)/../../dependencies/onnxruntime-osx-arm64-1.11.1/include /Applications/JUCE/modules/juce_audio_plugin_client";
				OTHER_LDFLAGS = "-bundle -lNeural\\ Cab -lonnxruntime.1.11.1";
				OTHER_REZFLAGS = "-d ppc_$ppc -d i386_$i386 -d ppc64_$ppc64 -d x86_64_$x86_64 -d arm64_$arm64 -I /System/Library/Frameworks/CoreServices.framework/Frameworks/CarbonCore.framework/Versions/A/Headers -I \"$(DEVELOPER_DIR)/Extras/CoreAudio/AudioUnits/AUPublic/AUBase\" -I \"$(DEVELOPER_DIR)/Platforms/MacOSX.platform/Developer/SDKs/MacOSX.sdk/System/Library/Frameworks/AudioUnit.framework/Headers\"";
				PRODUCT_BUNDLE_IDENTIFIER = com.yourcompany.NeuralCab;
				PRODUCT_NAME = "Neural Cab";
				USE_HEADERMAP = NO;
				VALID_ARCHS = "arm64";
				WRAPPER_EXTENSION = component;
			};
			name = Release;
		};
		741DE2EFA987029662F80F04 /* Debug */ = {
			isa = XCBuildConfiguration;
			buildSettings = {
				MACOSX_DEPLOYMENT_TARGET = 10.11;
				SDKROOT = macosx;
			};
			name = Debug;
		};
		7431ED844031D94E578EC02E /* Debug */ = {
			isa = XCBuildConfiguration;
			buildSettings = {
				CLANG_CXX_LANGUAGE_STANDARD = "c++20";
				CLANG_CXX_LIBRARY = "libc++";
				CLANG_LINK_OBJC_RUNTIME = NO;
				CODE_SIGN_IDENTITY = "";
				COMBINE_HIDPI_IMAGES = YES;
				CONFIGURATION_BUILD_DIR = "$(PROJECT_DIR)/build/$(CONFIGURATION)";
				COPY_PHASE_STRIP = NO;
				DEPLOYMENT_LOCATION = YES;
				DSTROOT = /;
				EXCLUDED_ARCHS = "i386 x86_64 arm64e";
				GCC_DYNAMIC_NO_PIC = NO;
				GCC_OPTIMIZATION_LEVEL = 0;
				GCC_PREPROCESSOR_DEFINITIONS = (
					"_DEBUG=1",
					"DEBUG=1",
					"JUCE_DISPLAY_SPLASH_SCREEN=1",
					"JUCE_USE_DARK_SPLASH_SCREEN=1",
					"JUCE_PROJUCER_VERSION=0x60106",
					"JUCE_MODULE_AVAILABLE_juce_audio_basics=1",
					"JUCE_MODULE_AVAILABLE_juce_audio_devices=1",
					"JUCE_MODULE_AVAILABLE_juce_audio_formats=1",
					"JUCE_MODULE_AVAILABLE_juce_audio_plugin_client=1",
					"JUCE_MODULE_AVAILABLE_juce_audio_processors=1",
					"JUCE_MODULE_AVAILABLE_juce_audio_utils=1",
					"JUCE_MODULE_AVAILABLE_juce_core=1",
					"JUCE_MODULE_AVAILABLE_juce_data_structures=1",
					"JUCE_MODULE_AVAILABLE_juce_dsp=1",
					"JUCE_MODULE_AVAILABLE_juce_events=1",
					"JUCE_MODULE_AVAILABLE_juce_graphics=1",
					"JUCE_MODULE_AVAILABLE_juce_gui_basics=1",
					"JUCE_MODULE_AVAILABLE_juce_gui_extra=1",
					"JUCE_GLOBAL_MODULE_SETTINGS_INCLUDED=1",
					"JUCE_VST3_CAN_REPLACE_VST2=0",
					"JUCE_STRICT_REFCOUNTEDPOINTER=1",
					"JucePlugin_Build_VST=0",
					"JucePlugin_Build_VST3=1",
					"JucePlugin_Build_AU=0",
					"JucePlugin_Build_AUv3=0",
					"JucePlugin_Build_RTAS=0",
					"JucePlugin_Build_AAX=0",
					"JucePlugin_Build_Standalone=0",
					"JucePlugin_Build_Unity=0",
					"JucePlugin_Enable_IAA=0",
					"JucePlugin_Name=\\\"Neural\\ Cab\\\"",
					"JucePlugin_Desc=\\\"Neural\\ Cab\\\"",
					"JucePlugin_Manufacturer=\\\"yourcompany\\\"",
					"JucePlugin_ManufacturerWebsite=\\\"\\\"",
					"JucePlugin_ManufacturerEmail=\\\"\\\"",
					"JucePlugin_ManufacturerCode=0x4d616e75",
					"JucePlugin_PluginCode=0x5a326e6e",
					"JucePlugin_IsSynth=0",
					"JucePlugin_WantsMidiInput=0",
					"JucePlugin_ProducesMidiOutput=0",
					"JucePlugin_IsMidiEffect=0",
					"JucePlugin_EditorRequiresKeyboardFocus=0",
					"JucePlugin_Version=1.0.0",
					"JucePlugin_VersionCode=0x10000",
					"JucePlugin_VersionString=\\\"1.0.0\\\"",
					"JucePlugin_VSTUniqueID=JucePlugin_PluginCode",
					"JucePlugin_VSTCategory=kPlugCategEffect",
					"JucePlugin_Vst3Category=\\\"Fx\\\"",
					"JucePlugin_AUMainType=\\'aufx\\'",
					"JucePlugin_AUSubType=JucePlugin_PluginCode",
					"JucePlugin_AUExportPrefix=NeuralCabAU",
					"JucePlugin_AUExportPrefixQuoted=\\\"NeuralCabAU\\\"",
					"JucePlugin_AUManufacturerCode=JucePlugin_ManufacturerCode",
					"JucePlugin_CFBundleIdentifier=com.yourcompany.NeuralCab",
					"JucePlugin_RTASCategory=0",
					"JucePlugin_RTASManufacturerCode=JucePlugin_ManufacturerCode",
					"JucePlugin_RTASProductId=JucePlugin_PluginCode",
					"JucePlugin_RTASDisableBypass=0",
					"JucePlugin_RTASDisableMultiMono=0",
					"JucePlugin_AAXIdentifier=com.yourcompany.NeuralCab",
					"JucePlugin_AAXManufacturerCode=JucePlugin_ManufacturerCode",
					"JucePlugin_AAXProductId=JucePlugin_PluginCode",
					"JucePlugin_AAXCategory=0",
					"JucePlugin_AAXDisableBypass=0",
					"JucePlugin_AAXDisableMultiMono=0",
					"JucePlugin_IAAType=0x61757278",
					"JucePlugin_IAASubType=JucePlugin_PluginCode",
					"JucePlugin_IAAName=\\\"yourcompany:\\ Neural\\ Cab\\\"",
					"JucePlugin_VSTNumMidiInputs=16",
					"JucePlugin_VSTNumMidiOutputs=16",
					"JUCE_STANDALONE_APPLICATION=JucePlugin_Build_Standalone",
					"JUCER_XCODE_MAC_F6D2F4CF=1",
					"JUCE_APP_VERSION=1.0.0",
					"JUCE_APP_VERSION_HEX=0x10000",
				);
				GCC_VERSION = com.apple.compilers.llvm.clang.1_0;
				GENERATE_PKGINFO_FILE = YES;
				HEADER_SEARCH_PATHS = (
					"/Applications/JUCE/modules/juce_audio_processors/format_types/VST3_SDK",
					"$(SRCROOT)/../../JuceLibraryCode",
					"/Applications/JUCE/modules",
					"$(SRCROOT)/../../dependencies/onnxruntime-osx-arm64-1.11.1/include",
					"/Applications/JUCE/modules/juce_audio_plugin_client",
					"$(inherited)",
				);
				INFOPLIST_FILE = Info-VST3.plist;
				INFOPLIST_PREPROCESS = NO;
				INSTALL_PATH = "$(HOME)/Library/Audio/Plug-Ins/VST3/";
				LD_RUNPATH_SEARCH_PATHS = "${HOME}/Library/Audio/Plug-Ins/Components/Neural Cab.component/Contents/MacOS/";
				LIBRARY_SEARCH_PATHS = (
					"$(inherited)",
					"\"../../dependencies/onnxruntime-osx-arm64-1.11.1\"",
				);
				LIBRARY_STYLE = Bundle;
				MACOSX_DEPLOYMENT_TARGET = 10.11;
				MTL_HEADER_SEARCH_PATHS = "/Applications/JUCE/modules/juce_audio_processors/format_types/VST3_SDK $(SRCROOT)/../../JuceLibraryCode /Applications/JUCE/modules $(SRCROOT)/../../dependencies/onnxruntime-osx-arm64-1.11.1/include /Applications/JUCE/modules/juce_audio_plugin_client";
				OTHER_LDFLAGS = "-bundle -lNeural\\ Cab -lonnxruntime.1.11.1";
				PRODUCT_BUNDLE_IDENTIFIER = com.yourcompany.NeuralCab;
				PRODUCT_NAME = "Neural Cab";
				USE_HEADERMAP = NO;
				VALID_ARCHS = "arm64";
				WRAPPER_EXTENSION = vst3;
			};
			name = Debug;
		};
		7C371722C07E8137E35750E0 /* Debug */ = {
			isa = XCBuildConfiguration;
			buildSettings = {
				CLANG_CXX_LANGUAGE_STANDARD = "c++20";
				CLANG_CXX_LIBRARY = "libc++";
				CLANG_LINK_OBJC_RUNTIME = NO;
				CODE_SIGN_IDENTITY = "";
				COMBINE_HIDPI_IMAGES = YES;
				CONFIGURATION_BUILD_DIR = "$(PROJECT_DIR)/build/$(CONFIGURATION)";
				COPY_PHASE_STRIP = NO;
				EXCLUDED_ARCHS = "i386 x86_64 arm64e";
				GCC_DYNAMIC_NO_PIC = NO;
				GCC_OPTIMIZATION_LEVEL = 0;
				GCC_PREPROCESSOR_DEFINITIONS = (
					"_DEBUG=1",
					"DEBUG=1",
					"JUCE_DISPLAY_SPLASH_SCREEN=1",
					"JUCE_USE_DARK_SPLASH_SCREEN=1",
					"JUCE_PROJUCER_VERSION=0x60106",
					"JUCE_MODULE_AVAILABLE_juce_audio_basics=1",
					"JUCE_MODULE_AVAILABLE_juce_audio_devices=1",
					"JUCE_MODULE_AVAILABLE_juce_audio_formats=1",
					"JUCE_MODULE_AVAILABLE_juce_audio_plugin_client=1",
					"JUCE_MODULE_AVAILABLE_juce_audio_processors=1",
					"JUCE_MODULE_AVAILABLE_juce_audio_utils=1",
					"JUCE_MODULE_AVAILABLE_juce_core=1",
					"JUCE_MODULE_AVAILABLE_juce_data_structures=1",
					"JUCE_MODULE_AVAILABLE_juce_dsp=1",
					"JUCE_MODULE_AVAILABLE_juce_events=1",
					"JUCE_MODULE_AVAILABLE_juce_graphics=1",
					"JUCE_MODULE_AVAILABLE_juce_gui_basics=1",
					"JUCE_MODULE_AVAILABLE_juce_gui_extra=1",
					"JUCE_GLOBAL_MODULE_SETTINGS_INCLUDED=1",
					"JUCE_VST3_CAN_REPLACE_VST2=0",
					"JUCE_STRICT_REFCOUNTEDPOINTER=1",
					"JucePlugin_Build_VST=0",
					"JucePlugin_Build_VST3=1",
					"JucePlugin_Build_AU=1",
					"JucePlugin_Build_AUv3=0",
					"JucePlugin_Build_RTAS=0",
					"JucePlugin_Build_AAX=0",
					"JucePlugin_Build_Standalone=1",
					"JucePlugin_Build_Unity=0",
					"JucePlugin_Enable_IAA=0",
					"JucePlugin_Name=\\\"Neural\\ Cab\\\"",
					"JucePlugin_Desc=\\\"Neural\\ Cab\\\"",
					"JucePlugin_Manufacturer=\\\"yourcompany\\\"",
					"JucePlugin_ManufacturerWebsite=\\\"\\\"",
					"JucePlugin_ManufacturerEmail=\\\"\\\"",
					"JucePlugin_ManufacturerCode=0x4d616e75",
					"JucePlugin_PluginCode=0x5a326e6e",
					"JucePlugin_IsSynth=0",
					"JucePlugin_WantsMidiInput=0",
					"JucePlugin_ProducesMidiOutput=0",
					"JucePlugin_IsMidiEffect=0",
					"JucePlugin_EditorRequiresKeyboardFocus=0",
					"JucePlugin_Version=1.0.0",
					"JucePlugin_VersionCode=0x10000",
					"JucePlugin_VersionString=\\\"1.0.0\\\"",
					"JucePlugin_VSTUniqueID=JucePlugin_PluginCode",
					"JucePlugin_VSTCategory=kPlugCategEffect",
					"JucePlugin_Vst3Category=\\\"Fx\\\"",
					"JucePlugin_AUMainType=\\'aufx\\'",
					"JucePlugin_AUSubType=JucePlugin_PluginCode",
					"JucePlugin_AUExportPrefix=NeuralCabAU",
					"JucePlugin_AUExportPrefixQuoted=\\\"NeuralCabAU\\\"",
					"JucePlugin_AUManufacturerCode=JucePlugin_ManufacturerCode",
					"JucePlugin_CFBundleIdentifier=com.yourcompany.NeuralCab",
					"JucePlugin_RTASCategory=0",
					"JucePlugin_RTASManufacturerCode=JucePlugin_ManufacturerCode",
					"JucePlugin_RTASProductId=JucePlugin_PluginCode",
					"JucePlugin_RTASDisableBypass=0",
					"JucePlugin_RTASDisableMultiMono=0",
					"JucePlugin_AAXIdentifier=com.yourcompany.NeuralCab",
					"JucePlugin_AAXManufacturerCode=JucePlugin_ManufacturerCode",
					"JucePlugin_AAXProductId=JucePlugin_PluginCode",
					"JucePlugin_AAXCategory=0",
					"JucePlugin_AAXDisableBypass=0",
					"JucePlugin_AAXDisableMultiMono=0",
					"JucePlugin_IAAType=0x61757278",
					"JucePlugin_IAASubType=JucePlugin_PluginCode",
					"JucePlugin_IAAName=\\\"yourcompany:\\ Neural\\ Cab\\\"",
					"JucePlugin_VSTNumMidiInputs=16",
					"JucePlugin_VSTNumMidiOutputs=16",
					"JUCE_STANDALONE_APPLICATION=JucePlugin_Build_Standalone",
					"JUCER_XCODE_MAC_F6D2F4CF=1",
					"JUCE_APP_VERSION=1.0.0",
					"JUCE_APP_VERSION_HEX=0x10000",
					"JUCE_SHARED_CODE=1",
				);
				GCC_VERSION = com.apple.compilers.llvm.clang.1_0;
				HEADER_SEARCH_PATHS = (
					"/Applications/JUCE/modules/juce_audio_processors/format_types/VST3_SDK",
					"$(SRCROOT)/../../JuceLibraryCode",
					"/Applications/JUCE/modules",
					"$(SRCROOT)/../../dependencies/onnxruntime-osx-arm64-1.11.1/include",
					"/Applications/JUCE/modules/juce_audio_plugin_client",
					"$(inherited)",
				);
				INSTALL_PATH = "@executable_path/../Frameworks";
				LD_RUNPATH_SEARCH_PATHS = "${HOME}/Library/Audio/Plug-Ins/Components/Neural Cab.component/Contents/MacOS/";
				LIBRARY_SEARCH_PATHS = (
					"$(inherited)",
					"\"../../dependencies/onnxruntime-osx-arm64-1.11.1\"",
				);
				MACOSX_DEPLOYMENT_TARGET = 10.11;
				MTL_HEADER_SEARCH_PATHS = "/Applications/JUCE/modules/juce_audio_processors/format_types/VST3_SDK $(SRCROOT)/../../JuceLibraryCode /Applications/JUCE/modules $(SRCROOT)/../../dependencies/onnxruntime-osx-arm64-1.11.1/include /Applications/JUCE/modules/juce_audio_plugin_client";
				PRODUCT_BUNDLE_IDENTIFIER = com.yourcompany.NeuralCab;
				PRODUCT_NAME = "Neural Cab";
				SKIP_INSTALL = YES;
				USE_HEADERMAP = NO;
				VALID_ARCHS = "arm64";
			};
			name = Debug;
		};
		9C644A6C2FD72F4346D50147 /* Release */ = {
			isa = XCBuildConfiguration;
			buildSettings = {
				MACOSX_DEPLOYMENT_TARGET = 10.11;
				SDKROOT = macosx;
			};
			name = Release;
		};
		B1FFF5C9705711F4977907DC /* Release */ = {
			isa = XCBuildConfiguration;
			buildSettings = {
				CLANG_CXX_LANGUAGE_STANDARD = "c++20";
				CLANG_CXX_LIBRARY = "libc++";
				CLANG_LINK_OBJC_RUNTIME = NO;
				CODE_SIGN_IDENTITY = "";
				COMBINE_HIDPI_IMAGES = YES;
				CONFIGURATION_BUILD_DIR = "$(PROJECT_DIR)/build/$(CONFIGURATION)";
				COPY_PHASE_STRIP = NO;
				EXCLUDED_ARCHS = "i386 x86_64 arm64e";
				GCC_DYNAMIC_NO_PIC = NO;
				GCC_OPTIMIZATION_LEVEL = 0;
				GCC_PREPROCESSOR_DEFINITIONS = (
					"_DEBUG=1",
					"DEBUG=1",
					"JUCE_DISPLAY_SPLASH_SCREEN=1",
					"JUCE_USE_DARK_SPLASH_SCREEN=1",
					"JUCE_PROJUCER_VERSION=0x60106",
					"JUCE_MODULE_AVAILABLE_juce_audio_basics=1",
					"JUCE_MODULE_AVAILABLE_juce_audio_devices=1",
					"JUCE_MODULE_AVAILABLE_juce_audio_formats=1",
					"JUCE_MODULE_AVAILABLE_juce_audio_plugin_client=1",
					"JUCE_MODULE_AVAILABLE_juce_audio_processors=1",
					"JUCE_MODULE_AVAILABLE_juce_audio_utils=1",
					"JUCE_MODULE_AVAILABLE_juce_core=1",
					"JUCE_MODULE_AVAILABLE_juce_data_structures=1",
					"JUCE_MODULE_AVAILABLE_juce_dsp=1",
					"JUCE_MODULE_AVAILABLE_juce_events=1",
					"JUCE_MODULE_AVAILABLE_juce_graphics=1",
					"JUCE_MODULE_AVAILABLE_juce_gui_basics=1",
					"JUCE_MODULE_AVAILABLE_juce_gui_extra=1",
					"JUCE_GLOBAL_MODULE_SETTINGS_INCLUDED=1",
					"JUCE_VST3_CAN_REPLACE_VST2=0",
					"JUCE_STRICT_REFCOUNTEDPOINTER=1",
					"JucePlugin_Build_VST=0",
					"JucePlugin_Build_VST3=0",
					"JucePlugin_Build_AU=0",
					"JucePlugin_Build_AUv3=0",
					"JucePlugin_Build_RTAS=0",
					"JucePlugin_Build_AAX=0",
					"JucePlugin_Build_Standalone=1",
					"JucePlugin_Build_Unity=0",
					"JucePlugin_Enable_IAA=0",
					"JucePlugin_Name=\\\"Neural\\ Cab\\\"",
					"JucePlugin_Desc=\\\"Neural\\ Cab\\\"",
					"JucePlugin_Manufacturer=\\\"yourcompany\\\"",
					"JucePlugin_ManufacturerWebsite=\\\"\\\"",
					"JucePlugin_ManufacturerEmail=\\\"\\\"",
					"JucePlugin_ManufacturerCode=0x4d616e75",
					"JucePlugin_PluginCode=0x5a326e6e",
					"JucePlugin_IsSynth=0",
					"JucePlugin_WantsMidiInput=0",
					"JucePlugin_ProducesMidiOutput=0",
					"JucePlugin_IsMidiEffect=0",
					"JucePlugin_EditorRequiresKeyboardFocus=0",
					"JucePlugin_Version=1.0.0",
					"JucePlugin_VersionCode=0x10000",
					"JucePlugin_VersionString=\\\"1.0.0\\\"",
					"JucePlugin_VSTUniqueID=JucePlugin_PluginCode",
					"JucePlugin_VSTCategory=kPlugCategEffect",
					"JucePlugin_Vst3Category=\\\"Fx\\\"",
					"JucePlugin_AUMainType=\\'aufx\\'",
					"JucePlugin_AUSubType=JucePlugin_PluginCode",
					"JucePlugin_AUExportPrefix=NeuralCabAU",
					"JucePlugin_AUExportPrefixQuoted=\\\"NeuralCabAU\\\"",
					"JucePlugin_AUManufacturerCode=JucePlugin_ManufacturerCode",
					"JucePlugin_CFBundleIdentifier=com.yourcompany.NeuralCab",
					"JucePlugin_RTASCategory=0",
					"JucePlugin_RTASManufacturerCode=JucePlugin_ManufacturerCode",
					"JucePlugin_RTASProductId=JucePlugin_PluginCode",
					"JucePlugin_RTASDisableBypass=0",
					"JucePlugin_RTASDisableMultiMono=0",
					"JucePlugin_AAXIdentifier=com.yourcompany.NeuralCab",
					"JucePlugin_AAXManufacturerCode=JucePlugin_ManufacturerCode",
					"JucePlugin_AAXProductId=JucePlugin_PluginCode",
					"JucePlugin_AAXCategory=0",
					"JucePlugin_AAXDisableBypass=0",
					"JucePlugin_AAXDisableMultiMono=0",
					"JucePlugin_IAAType=0x61757278",
					"JucePlugin_IAASubType=JucePlugin_PluginCode",
					"JucePlugin_IAAName=\\\"yourcompany:\\ Neural\\ Cab\\\"",
					"JucePlugin_VSTNumMidiInputs=16",
					"JucePlugin_VSTNumMidiOutputs=16",
					"JUCE_STANDALONE_APPLICATION=JucePlugin_Build_Standalone",
					"JUCER_XCODE_MAC_F6D2F4CF=1",
					"JUCE_APP_VERSION=1.0.0",
					"JUCE_APP_VERSION_HEX=0x10000",
				);
				GCC_VERSION = com.apple.compilers.llvm.clang.1_0;
				HEADER_SEARCH_PATHS = (
					"/Applications/JUCE/modules/juce_audio_processors/format_types/VST3_SDK",
					"$(SRCROOT)/../../JuceLibraryCode",
					"/Applications/JUCE/modules",
					"$(SRCROOT)/../../dependencies/onnxruntime-osx-arm64-1.11.1/include",
					"/Applications/JUCE/modules/juce_audio_plugin_client",
					"$(inherited)",
				);
				INFOPLIST_FILE = Info-Standalone_Plugin.plist;
				INFOPLIST_PREPROCESS = NO;
				LD_RUNPATH_SEARCH_PATHS = "${HOME}/Library/Audio/Plug-Ins/Components/Neural Cab.component/Contents/MacOS/";
				LIBRARY_SEARCH_PATHS = (
					"$(inherited)",
					"\"../../dependencies/onnxruntime-osx-arm64-1.11.1\"",
				);
				MACOSX_DEPLOYMENT_TARGET = 10.11;
				MTL_HEADER_SEARCH_PATHS = "/Applications/JUCE/modules/juce_audio_processors/format_types/VST3_SDK $(SRCROOT)/../../JuceLibraryCode /Applications/JUCE/modules $(SRCROOT)/../../dependencies/onnxruntime-osx-arm64-1.11.1/include /Applications/JUCE/modules/juce_audio_plugin_client";
				OTHER_LDFLAGS = "-lNeural\\ Cab -lonnxruntime.1.11.1";
				PRODUCT_BUNDLE_IDENTIFIER = com.yourcompany.NeuralCab;
				PRODUCT_NAME = "Neural Cab";
				USE_HEADERMAP = NO;
				VALID_ARCHS = "arm64";
			};
			name = Release;
		};
		EBED6C6E768AA0A661DB82CD /* Release */ = {
			isa = XCBuildConfiguration;
			buildSettings = {
				CLANG_CXX_LANGUAGE_STANDARD = "c++20";
				CLANG_CXX_LIBRARY = "libc++";
				CLANG_LINK_OBJC_RUNTIME = NO;
				CODE_SIGN_IDENTITY = "";
				COMBINE_HIDPI_IMAGES = YES;
				CONFIGURATION_BUILD_DIR = "$(PROJECT_DIR)/build/$(CONFIGURATION)";
				COPY_PHASE_STRIP = NO;
				EXCLUDED_ARCHS = "i386 x86_64 arm64e";
				GCC_DYNAMIC_NO_PIC = NO;
				GCC_OPTIMIZATION_LEVEL = 0;
				GCC_PREPROCESSOR_DEFINITIONS = (
					"_DEBUG=1",
					"DEBUG=1",
					"JUCE_DISPLAY_SPLASH_SCREEN=1",
					"JUCE_USE_DARK_SPLASH_SCREEN=1",
					"JUCE_PROJUCER_VERSION=0x60106",
					"JUCE_MODULE_AVAILABLE_juce_audio_basics=1",
					"JUCE_MODULE_AVAILABLE_juce_audio_devices=1",
					"JUCE_MODULE_AVAILABLE_juce_audio_formats=1",
					"JUCE_MODULE_AVAILABLE_juce_audio_plugin_client=1",
					"JUCE_MODULE_AVAILABLE_juce_audio_processors=1",
					"JUCE_MODULE_AVAILABLE_juce_audio_utils=1",
					"JUCE_MODULE_AVAILABLE_juce_core=1",
					"JUCE_MODULE_AVAILABLE_juce_data_structures=1",
					"JUCE_MODULE_AVAILABLE_juce_dsp=1",
					"JUCE_MODULE_AVAILABLE_juce_events=1",
					"JUCE_MODULE_AVAILABLE_juce_graphics=1",
					"JUCE_MODULE_AVAILABLE_juce_gui_basics=1",
					"JUCE_MODULE_AVAILABLE_juce_gui_extra=1",
					"JUCE_GLOBAL_MODULE_SETTINGS_INCLUDED=1",
					"JUCE_VST3_CAN_REPLACE_VST2=0",
					"JUCE_STRICT_REFCOUNTEDPOINTER=1",
					"JucePlugin_Build_VST=0",
					"JucePlugin_Build_VST3=1",
					"JucePlugin_Build_AU=1",
					"JucePlugin_Build_AUv3=0",
					"JucePlugin_Build_RTAS=0",
					"JucePlugin_Build_AAX=0",
					"JucePlugin_Build_Standalone=1",
					"JucePlugin_Build_Unity=0",
					"JucePlugin_Enable_IAA=0",
					"JucePlugin_Name=\\\"Neural\\ Cab\\\"",
					"JucePlugin_Desc=\\\"Neural\\ Cab\\\"",
					"JucePlugin_Manufacturer=\\\"yourcompany\\\"",
					"JucePlugin_ManufacturerWebsite=\\\"\\\"",
					"JucePlugin_ManufacturerEmail=\\\"\\\"",
					"JucePlugin_ManufacturerCode=0x4d616e75",
					"JucePlugin_PluginCode=0x5a326e6e",
					"JucePlugin_IsSynth=0",
					"JucePlugin_WantsMidiInput=0",
					"JucePlugin_ProducesMidiOutput=0",
					"JucePlugin_IsMidiEffect=0",
					"JucePlugin_EditorRequiresKeyboardFocus=0",
					"JucePlugin_Version=1.0.0",
					"JucePlugin_VersionCode=0x10000",
					"JucePlugin_VersionString=\\\"1.0.0\\\"",
					"JucePlugin_VSTUniqueID=JucePlugin_PluginCode",
					"JucePlugin_VSTCategory=kPlugCategEffect",
					"JucePlugin_Vst3Category=\\\"Fx\\\"",
					"JucePlugin_AUMainType=\\'aufx\\'",
					"JucePlugin_AUSubType=JucePlugin_PluginCode",
					"JucePlugin_AUExportPrefix=NeuralCabAU",
					"JucePlugin_AUExportPrefixQuoted=\\\"NeuralCabAU\\\"",
					"JucePlugin_AUManufacturerCode=JucePlugin_ManufacturerCode",
					"JucePlugin_CFBundleIdentifier=com.yourcompany.NeuralCab",
					"JucePlugin_RTASCategory=0",
					"JucePlugin_RTASManufacturerCode=JucePlugin_ManufacturerCode",
					"JucePlugin_RTASProductId=JucePlugin_PluginCode",
					"JucePlugin_RTASDisableBypass=0",
					"JucePlugin_RTASDisableMultiMono=0",
					"JucePlugin_AAXIdentifier=com.yourcompany.NeuralCab",
					"JucePlugin_AAXManufacturerCode=JucePlugin_ManufacturerCode",
					"JucePlugin_AAXProductId=JucePlugin_PluginCode",
					"JucePlugin_AAXCategory=0",
					"JucePlugin_AAXDisableBypass=0",
					"JucePlugin_AAXDisableMultiMono=0",
					"JucePlugin_IAAType=0x61757278",
					"JucePlugin_IAASubType=JucePlugin_PluginCode",
					"JucePlugin_IAAName=\\\"yourcompany:\\ Neural\\ Cab\\\"",
					"JucePlugin_VSTNumMidiInputs=16",
					"JucePlugin_VSTNumMidiOutputs=16",
					"JUCE_STANDALONE_APPLICATION=JucePlugin_Build_Standalone",
					"JUCER_XCODE_MAC_F6D2F4CF=1",
					"JUCE_APP_VERSION=1.0.0",
					"JUCE_APP_VERSION_HEX=0x10000",
					"JUCE_SHARED_CODE=1",
				);
				GCC_VERSION = com.apple.compilers.llvm.clang.1_0;
				HEADER_SEARCH_PATHS = (
					"/Applications/JUCE/modules/juce_audio_processors/format_types/VST3_SDK",
					"$(SRCROOT)/../../JuceLibraryCode",
					"/Applications/JUCE/modules",
					"$(SRCROOT)/../../dependencies/onnxruntime-osx-arm64-1.11.1/include",
					"/Applications/JUCE/modules/juce_audio_plugin_client",
					"$(inherited)",
				);
				INSTALL_PATH = "@executable_path/../Frameworks";
				LD_RUNPATH_SEARCH_PATHS = "${HOME}/Library/Audio/Plug-Ins/Components/Neural Cab.component/Contents/MacOS/";
				LIBRARY_SEARCH_PATHS = (
					"$(inherited)",
					"\"../../dependencies/onnxruntime-osx-arm64-1.11.1\"",
				);
				MACOSX_DEPLOYMENT_TARGET = 10.11;
				MTL_HEADER_SEARCH_PATHS = "/Applications/JUCE/modules/juce_audio_processors/format_types/VST3_SDK $(SRCROOT)/../../JuceLibraryCode /Applications/JUCE/modules $(SRCROOT)/../../dependencies/onnxruntime-osx-arm64-1.11.1/include /Applications/JUCE/modules/juce_audio_plugin_client";
				PRODUCT_BUNDLE_IDENTIFIER = com.yourcompany.NeuralCab;
				PRODUCT_NAME = "Neural Cab";
				SKIP_INSTALL = YES;
				USE_HEADERMAP = NO;
				VALID_ARCHS = "arm64";
			};
			name = Release;
		};
		F8995E70B4F59A778A1D8289 /* Debug */ = {
			isa = XCBuildConfiguration;
			buildSettings = {
				CLANG_CXX_LANGUAGE_STANDARD = "c++20";
				CLANG_CXX_LIBRARY = "libc++";
				CLANG_LINK_OBJC_RUNTIME = NO;
				CODE_SIGN_IDENTITY = "";
				COMBINE_HIDPI_IMAGES = YES;
				CONFIGURATION_BUILD_DIR = "$(PROJECT_DIR)/build/$(CONFIGURATION)";
				COPY_PHASE_STRIP = NO;
				EXCLUDED_ARCHS = "i386 x86_64 arm64e";
				GCC_DYNAMIC_NO_PIC = NO;
				GCC_OPTIMIZATION_LEVEL = 0;
				GCC_PREPROCESSOR_DEFINITIONS = (
					"_DEBUG=1",
					"DEBUG=1",
					"JUCE_DISPLAY_SPLASH_SCREEN=1",
					"JUCE_USE_DARK_SPLASH_SCREEN=1",
					"JUCE_PROJUCER_VERSION=0x60106",
					"JUCE_MODULE_AVAILABLE_juce_audio_basics=1",
					"JUCE_MODULE_AVAILABLE_juce_audio_devices=1",
					"JUCE_MODULE_AVAILABLE_juce_audio_formats=1",
					"JUCE_MODULE_AVAILABLE_juce_audio_plugin_client=1",
					"JUCE_MODULE_AVAILABLE_juce_audio_processors=1",
					"JUCE_MODULE_AVAILABLE_juce_audio_utils=1",
					"JUCE_MODULE_AVAILABLE_juce_core=1",
					"JUCE_MODULE_AVAILABLE_juce_data_structures=1",
					"JUCE_MODULE_AVAILABLE_juce_dsp=1",
					"JUCE_MODULE_AVAILABLE_juce_events=1",
					"JUCE_MODULE_AVAILABLE_juce_graphics=1",
					"JUCE_MODULE_AVAILABLE_juce_gui_basics=1",
					"JUCE_MODULE_AVAILABLE_juce_gui_extra=1",
					"JUCE_GLOBAL_MODULE_SETTINGS_INCLUDED=1",
					"JUCE_VST3_CAN_REPLACE_VST2=0",
					"JUCE_STRICT_REFCOUNTEDPOINTER=1",
					"JucePlugin_Build_VST=0",
					"JucePlugin_Build_VST3=0",
					"JucePlugin_Build_AU=0",
					"JucePlugin_Build_AUv3=0",
					"JucePlugin_Build_RTAS=0",
					"JucePlugin_Build_AAX=0",
					"JucePlugin_Build_Standalone=1",
					"JucePlugin_Build_Unity=0",
					"JucePlugin_Enable_IAA=0",
					"JucePlugin_Name=\\\"Neural\\ Cab\\\"",
					"JucePlugin_Desc=\\\"Neural\\ Cab\\\"",
					"JucePlugin_Manufacturer=\\\"yourcompany\\\"",
					"JucePlugin_ManufacturerWebsite=\\\"\\\"",
					"JucePlugin_ManufacturerEmail=\\\"\\\"",
					"JucePlugin_ManufacturerCode=0x4d616e75",
					"JucePlugin_PluginCode=0x5a326e6e",
					"JucePlugin_IsSynth=0",
					"JucePlugin_WantsMidiInput=0",
					"JucePlugin_ProducesMidiOutput=0",
					"JucePlugin_IsMidiEffect=0",
					"JucePlugin_EditorRequiresKeyboardFocus=0",
					"JucePlugin_Version=1.0.0",
					"JucePlugin_VersionCode=0x10000",
					"JucePlugin_VersionString=\\\"1.0.0\\\"",
					"JucePlugin_VSTUniqueID=JucePlugin_PluginCode",
					"JucePlugin_VSTCategory=kPlugCategEffect",
					"JucePlugin_Vst3Category=\\\"Fx\\\"",
					"JucePlugin_AUMainType=\\'aufx\\'",
					"JucePlugin_AUSubType=JucePlugin_PluginCode",
					"JucePlugin_AUExportPrefix=NeuralCabAU",
					"JucePlugin_AUExportPrefixQuoted=\\\"NeuralCabAU\\\"",
					"JucePlugin_AUManufacturerCode=JucePlugin_ManufacturerCode",
					"JucePlugin_CFBundleIdentifier=com.yourcompany.NeuralCab",
					"JucePlugin_RTASCategory=0",
					"JucePlugin_RTASManufacturerCode=JucePlugin_ManufacturerCode",
					"JucePlugin_RTASProductId=JucePlugin_PluginCode",
					"JucePlugin_RTASDisableBypass=0",
					"JucePlugin_RTASDisableMultiMono=0",
					"JucePlugin_AAXIdentifier=com.yourcompany.NeuralCab",
					"JucePlugin_AAXManufacturerCode=JucePlugin_ManufacturerCode",
					"JucePlugin_AAXProductId=JucePlugin_PluginCode",
					"JucePlugin_AAXCategory=0",
					"JucePlugin_AAXDisableBypass=0",
					"JucePlugin_AAXDisableMultiMono=0",
					"JucePlugin_IAAType=0x61757278",
					"JucePlugin_IAASubType=JucePlugin_PluginCode",
					"JucePlugin_IAAName=\\\"yourcompany:\\ Neural\\ Cab\\\"",
					"JucePlugin_VSTNumMidiInputs=16",
					"JucePlugin_VSTNumMidiOutputs=16",
					"JUCE_STANDALONE_APPLICATION=JucePlugin_Build_Standalone",
					"JUCER_XCODE_MAC_F6D2F4CF=1",
					"JUCE_APP_VERSION=1.0.0",
					"JUCE_APP_VERSION_HEX=0x10000",
				);
				GCC_VERSION = com.apple.compilers.llvm.clang.1_0;
				HEADER_SEARCH_PATHS = (
					"/Applications/JUCE/modules/juce_audio_processors/format_types/VST3_SDK",
					"$(SRCROOT)/../../JuceLibraryCode",
					"/Applications/JUCE/modules",
					"$(SRCROOT)/../../dependencies/onnxruntime-osx-arm64-1.11.1/include",
					"/Applications/JUCE/modules/juce_audio_plugin_client",
					"$(inherited)",
				);
				INFOPLIST_FILE = Info-Standalone_Plugin.plist;
				INFOPLIST_PREPROCESS = NO;
				LD_RUNPATH_SEARCH_PATHS = "${HOME}/Library/Audio/Plug-Ins/Components/Neural Cab.component/Contents/MacOS/";
				LIBRARY_SEARCH_PATHS = (
					"$(inherited)",
					"\"../../dependencies/onnxruntime-osx-arm64-1.11.1\"",
				);
				MACOSX_DEPLOYMENT_TARGET = 10.11;
				MTL_HEADER_SEARCH_PATHS = "/Applications/JUCE/modules/juce_audio_processors/format_types/VST3_SDK $(SRCROOT)/../../JuceLibraryCode /Applications/JUCE/modules $(SRCROOT)/../../dependencies/onnxruntime-osx-arm64-1.11.1/include /Applications/JUCE/modules/juce_audio_plugin_client";
				OTHER_LDFLAGS = "-lNeural\\ Cab -lonnxruntime.1.11.1";
				PRODUCT_BUNDLE_IDENTIFIER = com.yourcompany.NeuralCab;
				PRODUCT_NAME = "Neural Cab";
				USE_HEADERMAP = NO;
				VALID_ARCHS = "arm64";
			};
			name = Debug;
		};
		FCD89C16B2480A013E5B3F86 /* Release */ = {
			isa = XCBuildConfiguration;
			buildSettings = {
				CLANG_CXX_LANGUAGE_STANDARD = "c++20";
				CLANG_CXX_LIBRARY = "libc++";
				CLANG_LINK_OBJC_RUNTIME = NO;
				CODE_SIGN_IDENTITY = "";
				COMBINE_HIDPI_IMAGES = YES;
				CONFIGURATION_BUILD_DIR = "$(PROJECT_DIR)/build/$(CONFIGURATION)";
				COPY_PHASE_STRIP = NO;
				DEPLOYMENT_LOCATION = YES;
				DSTROOT = /;
				EXCLUDED_ARCHS = "i386 x86_64 arm64e";
				GCC_DYNAMIC_NO_PIC = NO;
				GCC_OPTIMIZATION_LEVEL = 0;
				GCC_PREPROCESSOR_DEFINITIONS = (
					"_DEBUG=1",
					"DEBUG=1",
					"JUCE_DISPLAY_SPLASH_SCREEN=1",
					"JUCE_USE_DARK_SPLASH_SCREEN=1",
					"JUCE_PROJUCER_VERSION=0x60106",
					"JUCE_MODULE_AVAILABLE_juce_audio_basics=1",
					"JUCE_MODULE_AVAILABLE_juce_audio_devices=1",
					"JUCE_MODULE_AVAILABLE_juce_audio_formats=1",
					"JUCE_MODULE_AVAILABLE_juce_audio_plugin_client=1",
					"JUCE_MODULE_AVAILABLE_juce_audio_processors=1",
					"JUCE_MODULE_AVAILABLE_juce_audio_utils=1",
					"JUCE_MODULE_AVAILABLE_juce_core=1",
					"JUCE_MODULE_AVAILABLE_juce_data_structures=1",
					"JUCE_MODULE_AVAILABLE_juce_dsp=1",
					"JUCE_MODULE_AVAILABLE_juce_events=1",
					"JUCE_MODULE_AVAILABLE_juce_graphics=1",
					"JUCE_MODULE_AVAILABLE_juce_gui_basics=1",
					"JUCE_MODULE_AVAILABLE_juce_gui_extra=1",
					"JUCE_GLOBAL_MODULE_SETTINGS_INCLUDED=1",
					"JUCE_VST3_CAN_REPLACE_VST2=0",
					"JUCE_STRICT_REFCOUNTEDPOINTER=1",
					"JucePlugin_Build_VST=0",
					"JucePlugin_Build_VST3=1",
					"JucePlugin_Build_AU=0",
					"JucePlugin_Build_AUv3=0",
					"JucePlugin_Build_RTAS=0",
					"JucePlugin_Build_AAX=0",
					"JucePlugin_Build_Standalone=0",
					"JucePlugin_Build_Unity=0",
					"JucePlugin_Enable_IAA=0",
					"JucePlugin_Name=\\\"Neural\\ Cab\\\"",
					"JucePlugin_Desc=\\\"Neural\\ Cab\\\"",
					"JucePlugin_Manufacturer=\\\"yourcompany\\\"",
					"JucePlugin_ManufacturerWebsite=\\\"\\\"",
					"JucePlugin_ManufacturerEmail=\\\"\\\"",
					"JucePlugin_ManufacturerCode=0x4d616e75",
					"JucePlugin_PluginCode=0x5a326e6e",
					"JucePlugin_IsSynth=0",
					"JucePlugin_WantsMidiInput=0",
					"JucePlugin_ProducesMidiOutput=0",
					"JucePlugin_IsMidiEffect=0",
					"JucePlugin_EditorRequiresKeyboardFocus=0",
					"JucePlugin_Version=1.0.0",
					"JucePlugin_VersionCode=0x10000",
					"JucePlugin_VersionString=\\\"1.0.0\\\"",
					"JucePlugin_VSTUniqueID=JucePlugin_PluginCode",
					"JucePlugin_VSTCategory=kPlugCategEffect",
					"JucePlugin_Vst3Category=\\\"Fx\\\"",
					"JucePlugin_AUMainType=\\'aufx\\'",
					"JucePlugin_AUSubType=JucePlugin_PluginCode",
					"JucePlugin_AUExportPrefix=NeuralCabAU",
					"JucePlugin_AUExportPrefixQuoted=\\\"NeuralCabAU\\\"",
					"JucePlugin_AUManufacturerCode=JucePlugin_ManufacturerCode",
					"JucePlugin_CFBundleIdentifier=com.yourcompany.NeuralCab",
					"JucePlugin_RTASCategory=0",
					"JucePlugin_RTASManufacturerCode=JucePlugin_ManufacturerCode",
					"JucePlugin_RTASProductId=JucePlugin_PluginCode",
					"JucePlugin_RTASDisableBypass=0",
					"JucePlugin_RTASDisableMultiMono=0",
					"JucePlugin_AAXIdentifier=com.yourcompany.NeuralCab",
					"JucePlugin_AAXManufacturerCode=JucePlugin_ManufacturerCode",
					"JucePlugin_AAXProductId=JucePlugin_PluginCode",
					"JucePlugin_AAXCategory=0",
					"JucePlugin_AAXDisableBypass=0",
					"JucePlugin_AAXDisableMultiMono=0",
					"JucePlugin_IAAType=0x61757278",
					"JucePlugin_IAASubType=JucePlugin_PluginCode",
					"JucePlugin_IAAName=\\\"yourcompany:\\ Neural\\ Cab\\\"",
					"JucePlugin_VSTNumMidiInputs=16",
					"JucePlugin_VSTNumMidiOutputs=16",
					"JUCE_STANDALONE_APPLICATION=JucePlugin_Build_Standalone",
					"JUCER_XCODE_MAC_F6D2F4CF=1",
					"JUCE_APP_VERSION=1.0.0",
					"JUCE_APP_VERSION_HEX=0x10000",
				);
				GCC_VERSION = com.apple.compilers.llvm.clang.1_0;
				GENERATE_PKGINFO_FILE = YES;
				HEADER_SEARCH_PATHS = (
					"/Applications/JUCE/modules/juce_audio_processors/format_types/VST3_SDK",
					"$(SRCROOT)/../../JuceLibraryCode",
					"/Applications/JUCE/modules",
					"$(SRCROOT)/../../dependencies/onnxruntime-osx-arm64-1.11.1/include",
					"/Applications/JUCE/modules/juce_audio_plugin_client",
					"$(inherited)",
				);
				INFOPLIST_FILE = Info-VST3.plist;
				INFOPLIST_PREPROCESS = NO;
				INSTALL_PATH = "$(HOME)/Library/Audio/Plug-Ins/VST3/";
				LD_RUNPATH_SEARCH_PATHS = "${HOME}/Library/Audio/Plug-Ins/Components/Neural Cab.component/Contents/MacOS/";
				LIBRARY_SEARCH_PATHS = (
					"$(inherited)",
					"\"../../dependencies/onnxruntime-osx-arm64-1.11.1\"",
				);
				LIBRARY_STYLE = Bundle;
				MACOSX_DEPLOYMENT_TARGET = 10.11;
				MTL_HEADER_SEARCH_PATHS = "/Applications/JUCE/modules/juce_audio_processors/format_types/VST3_SDK $(SRCROOT)/../../JuceLibraryCode /Applications/JUCE/modules $(SRCROOT)/../../dependencies/onnxruntime-osx-arm64-1.11.1/include /Applications/JUCE/modules/juce_audio_plugin_client";
				OTHER_LDFLAGS = "-bundle -lNeural\\ Cab -lonnxruntime.1.11.1";
				PRODUCT_BUNDLE_IDENTIFIER = com.yourcompany.NeuralCab;
				PRODUCT_NAME = "Neural Cab";
				USE_HEADERMAP = NO;
				VALID_ARCHS = "arm64";
				WRAPPER_EXTENSION = vst3;
			};
			name = Release;
		};
		FD14F0C22E20235E9FEEC5F2 /* Debug */ = {
			isa = XCBuildConfiguration;
			buildSettings = {
				ALWAYS_SEARCH_USER_PATHS = NO;
				CLANG_ENABLE_OBJC_WEAK = YES;
				CLANG_WARN_BLOCK_CAPTURE_AUTORELEASING = YES;
				CLANG_WARN_BOOL_CONVERSION = YES;
				CLANG_WARN_COMMA = YES;
				CLANG_WARN_CONSTANT_CONVERSION = YES;
				CLANG_WARN_DEPRECATED_OBJC_IMPLEMENTATIONS = YES;
				CLANG_WARN_EMPTY_BODY = YES;
				CLANG_WARN_ENUM_CONVERSION = YES;
				CLANG_WARN_INFINITE_RECURSION = YES;
				CLANG_WARN_INT_CONVERSION = YES;
				CLANG_WARN_NON_LITERAL_NULL_CONVERSION = YES;
				CLANG_WARN_OBJC_IMPLICIT_RETAIN_SELF = YES;
				CLANG_WARN_OBJC_LITERAL_CONVERSION = YES;
				CLANG_WARN_RANGE_LOOP_ANALYSIS = YES;
				CLANG_WARN_STRICT_PROTOTYPES = YES;
				CLANG_WARN_SUSPICIOUS_MOVE = YES;
				CLANG_WARN_UNREACHABLE_CODE = YES;
				CLANG_WARN__DUPLICATE_METHOD_MATCH = YES;
				CODE_SIGN_IDENTITY = "";
				DEBUG_INFORMATION_FORMAT = dwarf;
				ENABLE_STRICT_OBJC_MSGSEND = YES;
				ENABLE_TESTABILITY = NO;
				GCC_C_LANGUAGE_STANDARD = c11;
				GCC_INLINES_ARE_PRIVATE_EXTERN = YES;
				GCC_MODEL_TUNING = G5;
				GCC_NO_COMMON_BLOCKS = YES;
				GCC_SYMBOLS_PRIVATE_EXTERN = YES;
				GCC_WARN_64_TO_32_BIT_CONVERSION = YES;
				GCC_WARN_ABOUT_RETURN_TYPE = YES;
				GCC_WARN_CHECK_SWITCH_STATEMENTS = YES;
				GCC_WARN_MISSING_PARENTHESES = YES;
				GCC_WARN_NON_VIRTUAL_DESTRUCTOR = YES;
				GCC_WARN_TYPECHECK_CALLS_TO_PRINTF = YES;
				GCC_WARN_UNDECLARED_SELECTOR = YES;
				GCC_WARN_UNINITIALIZED_AUTOS = YES;
				GCC_WARN_UNUSED_FUNCTION = YES;
				GCC_WARN_UNUSED_VARIABLE = YES;
				ONLY_ACTIVE_ARCH = YES;
				PRODUCT_NAME = "Neural Cab";
				SDKROOT = macosx;
				WARNING_CFLAGS = "-Wreorder";
				ZERO_LINK = NO;
			};
			name = Debug;
		};
/* End XCBuildConfiguration section */

/* Begin XCConfigurationList section */
		27D959D73685D4D758F0B6C8 = {
			isa = XCConfigurationList;
			buildConfigurations = (
				54030A605EED7D42BAEAC5E2,
				57071848B0663069A2B63B94,
			);
			defaultConfigurationIsVisible = 0;
			defaultConfigurationName = Debug;
		};
		30A8381AAE30C174E51820D0 = {
			isa = XCConfigurationList;
			buildConfigurations = (
				25784B9AEDFA8BDA28806369,
				FD14F0C22E20235E9FEEC5F2,
			);
			defaultConfigurationIsVisible = 0;
			defaultConfigurationName = Debug;
		};
		3830862C7CB98B9362E3DBAF = {
			isa = XCConfigurationList;
			buildConfigurations = (
				F8995E70B4F59A778A1D8289,
				B1FFF5C9705711F4977907DC,
			);
			defaultConfigurationIsVisible = 0;
			defaultConfigurationName = Debug;
		};
		38E3ABFF397BA753904F7166 = {
			isa = XCConfigurationList;
			buildConfigurations = (
				7431ED844031D94E578EC02E,
				FCD89C16B2480A013E5B3F86,
			);
			defaultConfigurationIsVisible = 0;
			defaultConfigurationName = Debug;
		};
		6BA8EA69260CBADF52E2858D = {
			isa = XCConfigurationList;
			buildConfigurations = (
				741DE2EFA987029662F80F04,
				9C644A6C2FD72F4346D50147,
			);
			defaultConfigurationIsVisible = 0;
			defaultConfigurationName = Debug;
		};
		93A796C2C3CF34483DD5BA1F = {
			isa = XCConfigurationList;
			buildConfigurations = (
				7C371722C07E8137E35750E0,
				EBED6C6E768AA0A661DB82CD,
			);
			defaultConfigurationIsVisible = 0;
			defaultConfigurationName = Debug;
		};
/* End XCConfigurationList section */
	};
	rootObject = CC3924BD790A623F4FB6EEEF /* Project object */;
}
